<?xml version="1.0" encoding="utf-8"?>
<Project ToolsVersion="4.0" xmlns="http://schemas.microsoft.com/developer/msbuild/2003">
  <ItemGroup>
    <Filter Include="Source Files">
      <UniqueIdentifier>{4FC737F1-C7A5-4376-A066-2A32D752A2FF}</UniqueIdentifier>
      <Extensions>cpp;c;cc;cxx;def;odl;idl;hpj;bat;asm;asmx</Extensions>
    </Filter>
    <Filter Include="Header Files">
      <UniqueIdentifier>{93995380-89BD-4b04-88EB-625FBE52EBFB}</UniqueIdentifier>
      <Extensions>h;hpp;hxx;hm;inl;inc;xsd</Extensions>
    </Filter>
    <Filter Include="Resource Files">
      <UniqueIdentifier>{67DA6AB6-F800-4c08-8B7A-83BB121AAD01}</UniqueIdentifier>
      <Extensions>rc;ico;cur;bmp;dlg;rc2;rct;bin;rgs;gif;jpg;jpeg;jpe;resx;tiff;tif;png;wav;mfcribbon-ms</Extensions>
    </Filter>
    <Filter Include="Header Files\Prerequisites">
      <UniqueIdentifier>{1a68be3e-3394-4b01-9532-2fe9db03afe0}</UniqueIdentifier>
    </Filter>
    <Filter Include="Header Files\Math">
      <UniqueIdentifier>{5423fdfe-e418-4fcd-8eae-9ab4e77856ef}</UniqueIdentifier>
    </Filter>
    <Filter Include="Source Files\Math">
      <UniqueIdentifier>{6f183461-d042-41e0-9c81-aa8bc8462641}</UniqueIdentifier>
    </Filter>
    <Filter Include="Header Files\Threading">
      <UniqueIdentifier>{b65008fc-0109-4b6d-b82b-7c30abdbeacf}</UniqueIdentifier>
    </Filter>
  </ItemGroup>
  <ItemGroup>
    <ClInclude Include="Include\CmTypes.h">
      <Filter>Header Files\Prerequisites</Filter>
    </ClInclude>
    <ClInclude Include="Include\CmPlatform.h">
      <Filter>Header Files\Prerequisites</Filter>
    </ClInclude>
    <ClInclude Include="Include\CmStdHeaders.h">
      <Filter>Header Files\Prerequisites</Filter>
    </ClInclude>
    <ClInclude Include="Include\CmPrerequisitesUtil.h">
      <Filter>Header Files\Prerequisites</Filter>
    </ClInclude>
    <ClInclude Include="Include\CmFwdDeclUtil.h">
      <Filter>Header Files\Prerequisites</Filter>
    </ClInclude>
    <ClInclude Include="Include\CmMathAsm.h">
      <Filter>Header Files\Math</Filter>
    </ClInclude>
    <ClInclude Include="Include\CmAxisAlignedBox.h">
      <Filter>Header Files\Math</Filter>
    </ClInclude>
    <ClInclude Include="Include\CmMath.h">
      <Filter>Header Files\Math</Filter>
    </ClInclude>
    <ClInclude Include="Include\CmMatrix3.h">
      <Filter>Header Files\Math</Filter>
    </ClInclude>
    <ClInclude Include="Include\CmMatrix4.h">
      <Filter>Header Files\Math</Filter>
    </ClInclude>
    <ClInclude Include="Include\CmPlane.h">
      <Filter>Header Files\Math</Filter>
    </ClInclude>
    <ClInclude Include="Include\CmQuaternion.h">
      <Filter>Header Files\Math</Filter>
    </ClInclude>
    <ClInclude Include="Include\CmRay.h">
      <Filter>Header Files\Math</Filter>
    </ClInclude>
    <ClInclude Include="Include\CmSphere.h">
      <Filter>Header Files\Math</Filter>
    </ClInclude>
    <ClInclude Include="Include\CmVector2.h">
      <Filter>Header Files\Math</Filter>
    </ClInclude>
    <ClInclude Include="Include\CmVector3.h">
      <Filter>Header Files\Math</Filter>
    </ClInclude>
    <ClInclude Include="Include\CmVector4.h">
      <Filter>Header Files\Math</Filter>
    </ClInclude>
    <ClInclude Include="Include\CmThreadDefines.h">
      <Filter>Header Files\Threading</Filter>
    </ClInclude>
    <ClInclude Include="Include\CmDynLib.h">
      <Filter>Header Files</Filter>
    </ClInclude>
    <ClInclude Include="Include\CmException.h">
      <Filter>Header Files</Filter>
    </ClInclude>
    <ClInclude Include="Include\CmString.h">
      <Filter>Header Files</Filter>
    </ClInclude>
    <ClInclude Include="Include\CmColor.h">
      <Filter>Header Files</Filter>
    </ClInclude>
    <ClInclude Include="Include\CmBitwise.h">
      <Filter>Header Files</Filter>
    </ClInclude>
    <ClInclude Include="Include\CmPixelUtil.h">
      <Filter>Header Files</Filter>
    </ClInclude>
    <ClInclude Include="Include\CmBox.h">
      <Filter>Header Files\Math</Filter>
    </ClInclude>
    <ClInclude Include="Include\CmDynLibManager.h">
      <Filter>Header Files</Filter>
    </ClInclude>
    <ClInclude Include="Include\CmModule.h">
      <Filter>Header Files</Filter>
    </ClInclude>
  </ItemGroup>
  <ItemGroup>
    <ClCompile Include="Include\CmAxisAlignedBox.cpp">
      <Filter>Source Files\Math</Filter>
    </ClCompile>
    <ClCompile Include="Source\CmMath.cpp">
      <Filter>Source Files\Math</Filter>
    </ClCompile>
    <ClCompile Include="Source\CmMatrix3.cpp">
      <Filter>Source Files\Math</Filter>
    </ClCompile>
    <ClCompile Include="Source\CmMatrix4.cpp">
      <Filter>Source Files\Math</Filter>
    </ClCompile>
    <ClCompile Include="Source\CmPlane.cpp">
      <Filter>Source Files\Math</Filter>
    </ClCompile>
    <ClCompile Include="Source\CmQuaternion.cpp">
      <Filter>Source Files\Math</Filter>
    </ClCompile>
    <ClCompile Include="Source\CmVector2.cpp">
      <Filter>Source Files\Math</Filter>
    </ClCompile>
    <ClCompile Include="Source\CmVector3.cpp">
      <Filter>Source Files\Math</Filter>
    </ClCompile>
    <ClCompile Include="Source\CmVector4.cpp">
      <Filter>Source Files\Math</Filter>
    </ClCompile>
    <ClCompile Include="Source\CmDynLib.cpp">
      <Filter>Source Files</Filter>
    </ClCompile>
    <ClCompile Include="Source\CmException.cpp">
      <Filter>Source Files</Filter>
    </ClCompile>
    <ClCompile Include="Source\CmString.cpp">
      <Filter>Source Files</Filter>
    </ClCompile>
    <ClCompile Include="Source\CmColor.cpp">
      <Filter>Source Files</Filter>
    </ClCompile>
    <ClCompile Include="Source\CmPixelUtil.cpp">
      <Filter>Source Files</Filter>
    </ClCompile>
    <ClCompile Include="Source\CmDynLibManager.cpp">
      <Filter>Source Files</Filter>
    </ClCompile>
  </ItemGroup>
</Project>