<?xml version="1.0" encoding="utf-8"?>
<Project ToolsVersion="4.0" xmlns="http://schemas.microsoft.com/developer/msbuild/2003">
  <ItemGroup>
    <Filter Include="Source Files">
      <UniqueIdentifier>{4FC737F1-C7A5-4376-A066-2A32D752A2FF}</UniqueIdentifier>
      <Extensions>cpp;c;cc;cxx;def;odl;idl;hpj;bat;asm;asmx</Extensions>
    </Filter>
    <Filter Include="Header Files">
      <UniqueIdentifier>{93995380-89BD-4b04-88EB-625FBE52EBFB}</UniqueIdentifier>
      <Extensions>h;hpp;hxx;hm;inl;inc;xsd</Extensions>
    </Filter>
    <Filter Include="Resource Files">
      <UniqueIdentifier>{67DA6AB6-F800-4c08-8B7A-83BB121AAD01}</UniqueIdentifier>
      <Extensions>rc;ico;cur;bmp;dlg;rc2;rct;bin;rgs;gif;jpg;jpeg;jpe;resx;tiff;tif;png;wav;mfcribbon-ms</Extensions>
    </Filter>
  </ItemGroup>
  <ItemGroup>
    <ClInclude Include="Include\BsScriptEditorPrerequisites.h">
      <Filter>Header Files</Filter>
    </ClInclude>
    <ClInclude Include="Include\BsScriptEditorWindow.h">
      <Filter>Header Files</Filter>
    </ClInclude>
    <ClInclude Include="Include\BsScriptGUIIntField.h">
      <Filter>Header Files</Filter>
    </ClInclude>
    <ClInclude Include="Include\BsScriptGUIFloatField.h">
      <Filter>Header Files</Filter>
    </ClInclude>
    <ClInclude Include="Include\BsScriptGUITextField.h">
      <Filter>Header Files</Filter>
    </ClInclude>
    <ClInclude Include="Include\BsScriptGUIToggleField.h">
      <Filter>Header Files</Filter>
    </ClInclude>
    <ClInclude Include="Include\BsScriptGUIColorField.h">
      <Filter>Header Files</Filter>
    </ClInclude>
    <ClInclude Include="Include\BsScriptGUIVector2Field.h">
      <Filter>Header Files</Filter>
    </ClInclude>
    <ClInclude Include="Include\BsScriptGUIVector3Field.h">
      <Filter>Header Files</Filter>
    </ClInclude>
    <ClInclude Include="Include\BsScriptGUIVector4Field.h">
      <Filter>Header Files</Filter>
    </ClInclude>
    <ClInclude Include="Include\BsGUIGameObjectField.h">
      <Filter>Header Files</Filter>
    </ClInclude>
    <ClInclude Include="Include\BsScriptGUIGameObjectField.h">
      <Filter>Header Files</Filter>
    </ClInclude>
    <ClInclude Include="Include\BsGUIResourceField.h">
      <Filter>Header Files</Filter>
    </ClInclude>
    <ClInclude Include="Include\BsScriptGUIResourceField.h">
      <Filter>Header Files</Filter>
    </ClInclude>
    <ClInclude Include="Include\BsScriptProjectLibrary.h">
      <Filter>Header Files</Filter>
    </ClInclude>
    <ClInclude Include="Include\BsEditorScriptManager.h">
      <Filter>Header Files</Filter>
    </ClInclude>
    <ClInclude Include="Include\BsScriptGUIComponentFoldout.h">
      <Filter>Header Files</Filter>
    </ClInclude>
    <ClInclude Include="Include\BsScriptGUIFoldout.h">
      <Filter>Header Files</Filter>
    </ClInclude>
    <ClInclude Include="Include\BsScriptGizmos.h">
      <Filter>Header Files</Filter>
    </ClInclude>
    <ClInclude Include="Include\BsScriptGizmoManager.h">
      <Filter>Header Files</Filter>
    </ClInclude>
    <ClInclude Include="Include\BsScriptSelection.h">
      <Filter>Header Files</Filter>
    </ClInclude>
    <ClInclude Include="Include\BsScriptHandleManager.h">
      <Filter>Header Files</Filter>
    </ClInclude>
    <ClInclude Include="Include\BsScriptHandleDrawing.h">
      <Filter>Header Files</Filter>
    </ClInclude>
    <ClInclude Include="Include\BsScriptHandleSlider.h">
      <Filter>Header Files</Filter>
    </ClInclude>
    <ClInclude Include="Include\BsScriptHandleSliderLine.h">
      <Filter>Header Files</Filter>
    </ClInclude>
    <ClInclude Include="Include\BsScriptHandleSliderPlane.h">
      <Filter>Header Files</Filter>
    </ClInclude>
    <ClInclude Include="Include\BsScriptHandleSliderDisc.h">
      <Filter>Header Files</Filter>
    </ClInclude>
    <ClInclude Include="Include\BsScriptEditorUtility.h">
      <Filter>Header Files</Filter>
    </ClInclude>
    <ClInclude Include="Include\BsScriptHandleSliderManager.h">
      <Filter>Header Files</Filter>
    </ClInclude>
    <ClInclude Include="Include\BsScriptSceneViewHandler.h">
      <Filter>Header Files</Filter>
    </ClInclude>
    <ClInclude Include="Include\BsScriptEditorSettings.h">
      <Filter>Header Files</Filter>
    </ClInclude>
    <ClInclude Include="Include\BsScriptModalWindow.h">
      <Filter>Header Files</Filter>
    </ClInclude>
    <ClInclude Include="Include\BsScriptBrowseDialog.h">
      <Filter>Header Files</Filter>
    </ClInclude>
    <ClInclude Include="Include\BsScriptDragDropManager.h">
      <Filter>Header Files</Filter>
    </ClInclude>
    <ClInclude Include="Include\BsScriptImportOptions.h">
      <Filter>Header Files</Filter>
    </ClInclude>
    <ClInclude Include="Include\BsScriptCodeEditor.h">
      <Filter>Header Files</Filter>
    </ClInclude>
    <ClInclude Include="Include\BsScriptEditorApplication.h">
      <Filter>Header Files</Filter>
    </ClInclude>
    <ClInclude Include="Include\BsScriptPlatformInfo.h">
      <Filter>Header Files</Filter>
    </ClInclude>
    <ClInclude Include="Include\BsScriptBuildManager.h">
      <Filter>Header Files</Filter>
    </ClInclude>
    <ClInclude Include="Include\BsMenuItemManager.h">
      <Filter>Header Files</Filter>
    </ClInclude>
    <ClInclude Include="Include\BsScriptEditorBuiltin.h">
      <Filter>Header Files</Filter>
    </ClInclude>
    <ClInclude Include="Include\BsScriptDropDownWindow.h">
      <Filter>Header Files</Filter>
    </ClInclude>
    <ClInclude Include="Include\BsScriptOSDropTarget.h">
      <Filter>Header Files</Filter>
    </ClInclude>
  </ItemGroup>
  <ItemGroup>
    <ClCompile Include="Source\BsScriptEditorPlugin.cpp">
      <Filter>Source Files</Filter>
    </ClCompile>
    <ClCompile Include="Source\BsScriptEditorWindow.cpp">
      <Filter>Source Files</Filter>
    </ClCompile>
    <ClCompile Include="Source\BsScriptGUIIntField.cpp">
      <Filter>Source Files</Filter>
    </ClCompile>
    <ClCompile Include="Source\BsScriptGUIFloatField.cpp">
      <Filter>Source Files</Filter>
    </ClCompile>
    <ClCompile Include="Source\BsScriptGUITextField.cpp">
      <Filter>Source Files</Filter>
    </ClCompile>
    <ClCompile Include="Source\BsScriptGUIToggleField.cpp">
      <Filter>Source Files</Filter>
    </ClCompile>
    <ClCompile Include="Source\BsScriptGUIColorField.cpp">
      <Filter>Source Files</Filter>
    </ClCompile>
    <ClCompile Include="Source\BsScriptGUIVector2Field.cpp">
      <Filter>Source Files</Filter>
    </ClCompile>
    <ClCompile Include="Source\BsScriptGUIVector3Field.cpp">
      <Filter>Source Files</Filter>
    </ClCompile>
    <ClCompile Include="Source\BsScriptGUIVector4Field.cpp">
      <Filter>Source Files</Filter>
    </ClCompile>
    <ClCompile Include="Source\BsGUIGameObjectField.cpp">
      <Filter>Source Files</Filter>
    </ClCompile>
    <ClCompile Include="Source\BsScriptGUIGameObjectField.cpp">
      <Filter>Source Files</Filter>
    </ClCompile>
    <ClCompile Include="Source\BsGUIResourceField.cpp">
      <Filter>Source Files</Filter>
    </ClCompile>
    <ClCompile Include="Source\BsScriptGUIResourceField.cpp">
      <Filter>Source Files</Filter>
    </ClCompile>
    <ClCompile Include="Source\BsScriptProjectLibrary.cpp">
      <Filter>Source Files</Filter>
    </ClCompile>
    <ClCompile Include="Source\BsEditorScriptManager.cpp">
      <Filter>Source Files</Filter>
    </ClCompile>
    <ClCompile Include="Source\BsScriptGUIComponentFoldout.cpp">
      <Filter>Source Files</Filter>
    </ClCompile>
    <ClCompile Include="Source\BsScriptGUIFoldout.cpp">
      <Filter>Source Files</Filter>
    </ClCompile>
    <ClCompile Include="Source\BsScriptGizmos.cpp">
      <Filter>Source Files</Filter>
    </ClCompile>
    <ClCompile Include="Source\BsScriptGizmoManager.cpp">
      <Filter>Source Files</Filter>
    </ClCompile>
    <ClCompile Include="Source\BsScriptSelection.cpp">
      <Filter>Source Files</Filter>
    </ClCompile>
    <ClCompile Include="Source\BsScriptHandleManager.cpp">
      <Filter>Source Files</Filter>
    </ClCompile>
    <ClCompile Include="Source\BsScriptHandleDrawing.cpp">
      <Filter>Source Files</Filter>
    </ClCompile>
    <ClCompile Include="Source\BsScriptHandleSlider.cpp">
      <Filter>Source Files</Filter>
    </ClCompile>
    <ClCompile Include="Source\BsScriptHandleSliderLine.cpp">
      <Filter>Source Files</Filter>
    </ClCompile>
    <ClCompile Include="Source\BsScriptHandleSliderPlane.cpp">
      <Filter>Source Files</Filter>
    </ClCompile>
    <ClCompile Include="Source\BsScriptHandleSliderDisc.cpp">
      <Filter>Source Files</Filter>
    </ClCompile>
    <ClCompile Include="Source\BsScriptEditorUtility.cpp">
      <Filter>Source Files</Filter>
    </ClCompile>
    <ClCompile Include="Source\BsScriptHandleSliderManager.cpp">
      <Filter>Source Files</Filter>
    </ClCompile>
    <ClCompile Include="Source\BsScriptSceneViewHandler.cpp">
      <Filter>Source Files</Filter>
    </ClCompile>
    <ClCompile Include="Source\BsScriptEditorSettings.cpp">
      <Filter>Source Files</Filter>
    </ClCompile>
    <ClCompile Include="Source\BsScriptModalWindow.cpp">
      <Filter>Source Files</Filter>
    </ClCompile>
    <ClCompile Include="Source\BsScriptBrowseDialog.cpp">
      <Filter>Source Files</Filter>
    </ClCompile>
    <ClCompile Include="Source\BsScriptDragDropManager.cpp">
      <Filter>Source Files</Filter>
    </ClCompile>
    <ClCompile Include="Source\BsScriptImportOptions.cpp">
      <Filter>Source Files</Filter>
    </ClCompile>
    <ClCompile Include="Source\BsScriptCodeEditor.cpp">
      <Filter>Source Files</Filter>
    </ClCompile>
    <ClCompile Include="Source\BsScriptEditorApplication.cpp">
      <Filter>Source Files</Filter>
    </ClCompile>
    <ClCompile Include="Source\BsScriptPlatformInfo.cpp">
      <Filter>Source Files</Filter>
    </ClCompile>
    <ClCompile Include="Source\BsScriptBuildManager.cpp">
      <Filter>Source Files</Filter>
    </ClCompile>
    <ClCompile Include="Source\BsMenuItemManager.cpp">
      <Filter>Source Files</Filter>
    </ClCompile>
    <ClCompile Include="Source\BsScriptEditorBuiltin.cpp">
      <Filter>Source Files</Filter>
    </ClCompile>
    <ClCompile Include="Source\BsScriptDropDownWindow.cpp">
      <Filter>Source Files</Filter>
    </ClCompile>
    <ClCompile Include="Source\BsScriptOSDropTarget.cpp">
      <Filter>Source Files</Filter>
    </ClCompile>
  </ItemGroup>
</Project>