<?xml version="1.0" encoding="utf-8"?>
<Project ToolsVersion="4.0" xmlns="http://schemas.microsoft.com/developer/msbuild/2003">
  <ItemGroup>
    <Filter Include="Source Files">
      <UniqueIdentifier>{4FC737F1-C7A5-4376-A066-2A32D752A2FF}</UniqueIdentifier>
      <Extensions>cpp;c;cc;cxx;def;odl;idl;hpj;bat;asm;asmx</Extensions>
    </Filter>
    <Filter Include="Header Files">
      <UniqueIdentifier>{93995380-89BD-4b04-88EB-625FBE52EBFB}</UniqueIdentifier>
      <Extensions>h;hpp;hxx;hm;inl;inc;xsd</Extensions>
    </Filter>
    <Filter Include="Resource Files">
      <UniqueIdentifier>{67DA6AB6-F800-4c08-8B7A-83BB121AAD01}</UniqueIdentifier>
      <Extensions>rc;ico;cur;bmp;dlg;rc2;rct;bin;rgs;gif;jpg;jpeg;jpe;resx;tiff;tif;png;wav;mfcribbon-ms</Extensions>
    </Filter>
    <Filter Include="Header Files\D3D9RenderSystem">
      <UniqueIdentifier>{e3f1eefd-4271-435c-a2e4-ce6770542e1f}</UniqueIdentifier>
    </Filter>
    <Filter Include="Source Files\D3D9RenderSystem">
      <UniqueIdentifier>{5ab8878b-6adb-4f4a-84c4-9315abf782d2}</UniqueIdentifier>
    </Filter>
    <Filter Include="Source Files\Math">
      <UniqueIdentifier>{7b4cde3b-6ac1-46bc-aa5b-c642d1e86d27}</UniqueIdentifier>
    </Filter>
    <Filter Include="Header Files\Math">
      <UniqueIdentifier>{8eee0d37-16d4-4894-aa09-7103c1d2b9c4}</UniqueIdentifier>
    </Filter>
    <Filter Include="Header Files\ForRemoval">
      <UniqueIdentifier>{f916bd59-03a7-42a7-9b9c-60abe94020bc}</UniqueIdentifier>
    </Filter>
    <Filter Include="Source Files\ForRemoval">
      <UniqueIdentifier>{004ec8e4-409f-4bc2-b697-f24c707a2429}</UniqueIdentifier>
    </Filter>
    <Filter Include="Header Files\Utility">
      <UniqueIdentifier>{2c09857e-4a4a-480f-8ebb-1661a9ce78dd}</UniqueIdentifier>
    </Filter>
    <Filter Include="Source Files\Utility">
      <UniqueIdentifier>{48d2fcc6-cfa6-4d2f-a83c-d16ec65eb96b}</UniqueIdentifier>
    </Filter>
    <Filter Include="RenderSystemGL">
      <UniqueIdentifier>{d4385d3f-7227-4aed-a387-250886e950ab}</UniqueIdentifier>
    </Filter>
    <Filter Include="RenderSystemGL\Header Files">
      <UniqueIdentifier>{94e160b5-1529-4d29-9ee0-eea8158ec876}</UniqueIdentifier>
    </Filter>
    <Filter Include="RenderSystemGL\Source Files">
      <UniqueIdentifier>{87b73aca-929b-4d9b-897c-1a893a7453b0}</UniqueIdentifier>
    </Filter>
    <Filter Include="RenderSystemGL\ATIFS">
      <UniqueIdentifier>{3ae65763-62bb-4a7c-831e-369c75f19fc1}</UniqueIdentifier>
    </Filter>
    <Filter Include="RenderSystemGL\GLSL">
      <UniqueIdentifier>{bc8cc9fd-f7d3-46f6-9d0d-d0d8dbb080c1}</UniqueIdentifier>
    </Filter>
    <Filter Include="RenderSystemGL\NVparse">
      <UniqueIdentifier>{457140bf-9c61-4b2a-9e2f-e5e7f97348b7}</UniqueIdentifier>
    </Filter>
    <Filter Include="RenderSystemGL\Win32">
      <UniqueIdentifier>{7c0425d8-c90d-4dce-89f6-11eeafe1efd9}</UniqueIdentifier>
    </Filter>
  </ItemGroup>
  <ItemGroup>
    <Text Include="ReadMe.txt" />
    <Text Include="TODO.txt" />
    <Text Include="HighLevelTODO.txt" />
  </ItemGroup>
  <ItemGroup>
    <ClInclude Include="stdafx.h">
      <Filter>Header Files</Filter>
    </ClInclude>
    <ClInclude Include="targetver.h">
      <Filter>Header Files</Filter>
    </ClInclude>
    <ClInclude Include="OgreD3D9Prerequisites.h">
      <Filter>Header Files\D3D9RenderSystem</Filter>
    </ClInclude>
    <ClInclude Include="OgreD3D9VideoMode.h">
      <Filter>Header Files\D3D9RenderSystem</Filter>
    </ClInclude>
    <ClInclude Include="OgreRenderSystemCapabilities.h">
      <Filter>Header Files</Filter>
    </ClInclude>
    <ClInclude Include="OgreD3D9Resource.h">
      <Filter>Header Files\D3D9RenderSystem</Filter>
    </ClInclude>
    <ClInclude Include="OgreHardwareBuffer.h">
      <Filter>Header Files</Filter>
    </ClInclude>
    <ClInclude Include="OgreHardwareVertexBuffer.h">
      <Filter>Header Files</Filter>
    </ClInclude>
    <ClInclude Include="OgreHardwareIndexBuffer.h">
      <Filter>Header Files</Filter>
    </ClInclude>
    <ClInclude Include="OgreHardwareBufferManager.h">
      <Filter>Header Files</Filter>
    </ClInclude>
    <ClInclude Include="OgreVertexIndexData.h">
      <Filter>Header Files</Filter>
    </ClInclude>
    <ClInclude Include="OgreDefaultHardwareBufferManager.h">
      <Filter>Header Files</Filter>
    </ClInclude>
    <ClInclude Include="asm_math.h">
      <Filter>Header Files\Math</Filter>
    </ClInclude>
    <ClInclude Include="OgreAxisAlignedBox.h">
      <Filter>Header Files\Math</Filter>
    </ClInclude>
    <ClInclude Include="OgreMath.h">
      <Filter>Header Files\Math</Filter>
    </ClInclude>
    <ClInclude Include="OgreMatrix3.h">
      <Filter>Header Files\Math</Filter>
    </ClInclude>
    <ClInclude Include="OgreMatrix4.h">
      <Filter>Header Files\Math</Filter>
    </ClInclude>
    <ClInclude Include="OgrePlane.h">
      <Filter>Header Files\Math</Filter>
    </ClInclude>
    <ClInclude Include="OgreQuaternion.h">
      <Filter>Header Files\Math</Filter>
    </ClInclude>
    <ClInclude Include="OgreRay.h">
      <Filter>Header Files\Math</Filter>
    </ClInclude>
    <ClInclude Include="OgreSphere.h">
      <Filter>Header Files\Math</Filter>
    </ClInclude>
    <ClInclude Include="OgreVector2.h">
      <Filter>Header Files\Math</Filter>
    </ClInclude>
    <ClInclude Include="OgreVector3.h">
      <Filter>Header Files\Math</Filter>
    </ClInclude>
    <ClInclude Include="OgreVector4.h">
      <Filter>Header Files\Math</Filter>
    </ClInclude>
    <ClInclude Include="OgreBitwise.h">
      <Filter>Header Files\ForRemoval</Filter>
    </ClInclude>
    <ClInclude Include="OgreAlignedAllocator.h">
      <Filter>Header Files\ForRemoval</Filter>
    </ClInclude>
    <ClInclude Include="OgreBuildSettings.h">
      <Filter>Header Files\ForRemoval</Filter>
    </ClInclude>
    <ClInclude Include="OgreConfig.h">
      <Filter>Header Files\ForRemoval</Filter>
    </ClInclude>
    <ClInclude Include="OgreException.h">
      <Filter>Header Files\ForRemoval</Filter>
    </ClInclude>
    <ClInclude Include="OgreHeaderPrefix.h">
      <Filter>Header Files\ForRemoval</Filter>
    </ClInclude>
    <ClInclude Include="OgreHeaderSuffix.h">
      <Filter>Header Files\ForRemoval</Filter>
    </ClInclude>
    <ClInclude Include="OgrePlatform.h">
      <Filter>Header Files\ForRemoval</Filter>
    </ClInclude>
    <ClInclude Include="OgrePlatformInformation.h">
      <Filter>Header Files\ForRemoval</Filter>
    </ClInclude>
    <ClInclude Include="OgrePortMemory.h">
      <Filter>Header Files\ForRemoval</Filter>
    </ClInclude>
    <ClInclude Include="OgrePrerequisites.h">
      <Filter>Header Files\ForRemoval</Filter>
    </ClInclude>
    <ClInclude Include="OgreSingleton.h">
      <Filter>Header Files\ForRemoval</Filter>
    </ClInclude>
    <ClInclude Include="OgreStdHeaders.h">
      <Filter>Header Files\ForRemoval</Filter>
    </ClInclude>
    <ClInclude Include="OgreString.h">
      <Filter>Header Files\ForRemoval</Filter>
    </ClInclude>
    <ClInclude Include="OgreStringConverter.h">
      <Filter>Header Files\ForRemoval</Filter>
    </ClInclude>
    <ClInclude Include="OgreThreadDefines.h">
      <Filter>Header Files\ForRemoval</Filter>
    </ClInclude>
    <ClInclude Include="OgreFrustum.h">
      <Filter>Header Files</Filter>
    </ClInclude>
    <ClInclude Include="OgreViewport.h">
      <Filter>Header Files</Filter>
    </ClInclude>
    <ClInclude Include="OgreRenderTarget.h">
      <Filter>Header Files</Filter>
    </ClInclude>
    <ClInclude Include="OgreGpuProgram.h">
      <Filter>Header Files</Filter>
    </ClInclude>
    <ClInclude Include="OgreRenderOperation.h">
      <Filter>Header Files\ForRemoval</Filter>
    </ClInclude>
    <ClInclude Include="OgreGpuProgramParams.h">
      <Filter>Header Files</Filter>
    </ClInclude>
    <ClInclude Include="OgreHighLevelGpuProgram.h">
      <Filter>Header Files</Filter>
    </ClInclude>
    <ClInclude Include="OgreHardwareOcclusionQuery.h">
      <Filter>Header Files</Filter>
    </ClInclude>
    <ClInclude Include="OgreRenderWindow.h">
      <Filter>Header Files</Filter>
    </ClInclude>
    <ClInclude Include="OgreRenderTexture.h">
      <Filter>Header Files</Filter>
    </ClInclude>
    <ClInclude Include="OgreHardwarePixelBuffer.h">
      <Filter>Header Files</Filter>
    </ClInclude>
    <ClInclude Include="OgreRenderSystem.h">
      <Filter>Header Files</Filter>
    </ClInclude>
    <ClInclude Include="OgreTexture.h">
      <Filter>Header Files</Filter>
    </ClInclude>
    <ClInclude Include="OgreD3D9Mappings.h">
      <Filter>Header Files\D3D9RenderSystem</Filter>
    </ClInclude>
    <ClInclude Include="OgreD3D9Device.h">
      <Filter>Header Files\D3D9RenderSystem</Filter>
    </ClInclude>
    <ClInclude Include="OgreD3D9DeviceManager.h">
      <Filter>Header Files\D3D9RenderSystem</Filter>
    </ClInclude>
    <ClInclude Include="OgreD3D9Driver.h">
      <Filter>Header Files\D3D9RenderSystem</Filter>
    </ClInclude>
    <ClInclude Include="OgreD3D9DriverList.h">
      <Filter>Header Files\D3D9RenderSystem</Filter>
    </ClInclude>
    <ClInclude Include="OgreD3D9GpuProgram.h">
      <Filter>Header Files\D3D9RenderSystem</Filter>
    </ClInclude>
    <ClInclude Include="OgreD3D9GpuProgramManager.h">
      <Filter>Header Files\D3D9RenderSystem</Filter>
    </ClInclude>
    <ClInclude Include="OgreD3D9HardwareBufferManager.h">
      <Filter>Header Files\D3D9RenderSystem</Filter>
    </ClInclude>
    <ClInclude Include="OgreD3D9HardwareIndexBuffer.h">
      <Filter>Header Files\D3D9RenderSystem</Filter>
    </ClInclude>
    <ClInclude Include="OgreD3D9HardwareOcclusionQuery.h">
      <Filter>Header Files\D3D9RenderSystem</Filter>
    </ClInclude>
    <ClInclude Include="OgreD3D9HardwarePixelBuffer.h">
      <Filter>Header Files\D3D9RenderSystem</Filter>
    </ClInclude>
    <ClInclude Include="OgreD3D9HardwareVertexBuffer.h">
      <Filter>Header Files\D3D9RenderSystem</Filter>
    </ClInclude>
    <ClInclude Include="OgreD3D9HLSLProgram.h">
      <Filter>Header Files\D3D9RenderSystem</Filter>
    </ClInclude>
    <ClInclude Include="OgreD3D9HLSLProgramFactory.h">
      <Filter>Header Files\D3D9RenderSystem</Filter>
    </ClInclude>
    <ClInclude Include="OgreD3D9MultiRenderTarget.h">
      <Filter>Header Files\D3D9RenderSystem</Filter>
    </ClInclude>
    <ClInclude Include="OgreD3D9RenderSystem.h">
      <Filter>Header Files\D3D9RenderSystem</Filter>
    </ClInclude>
    <ClInclude Include="OgreD3D9RenderWindow.h">
      <Filter>Header Files\D3D9RenderSystem</Filter>
    </ClInclude>
    <ClInclude Include="OgreD3D9ResourceManager.h">
      <Filter>Header Files\D3D9RenderSystem</Filter>
    </ClInclude>
    <ClInclude Include="OgreD3D9Texture.h">
      <Filter>Header Files\D3D9RenderSystem</Filter>
    </ClInclude>
    <ClInclude Include="OgreD3D9TextureManager.h">
      <Filter>Header Files\D3D9RenderSystem</Filter>
    </ClInclude>
    <ClInclude Include="OgreD3D9VertexDeclaration.h">
      <Filter>Header Files\D3D9RenderSystem</Filter>
    </ClInclude>
    <ClInclude Include="OgreD3D9VideoModeList.h">
      <Filter>Header Files\D3D9RenderSystem</Filter>
    </ClInclude>
    <ClInclude Include="OgreBlendMode.h">
      <Filter>Header Files\Utility</Filter>
    </ClInclude>
    <ClInclude Include="OgreColourValue.h">
      <Filter>Header Files\Utility</Filter>
    </ClInclude>
    <ClInclude Include="OgreCommon.h">
      <Filter>Header Files\Utility</Filter>
    </ClInclude>
    <ClInclude Include="OgreImageResampler.h">
      <Filter>Header Files\Utility</Filter>
    </ClInclude>
    <ClInclude Include="OgrePixelFormat.h">
      <Filter>Header Files\Utility</Filter>
    </ClInclude>
    <ClInclude Include="OgreWindowEventUtilities.h">
      <Filter>Header Files\Utility</Filter>
    </ClInclude>
    <ClInclude Include="CmRenderSystemFactory.h">
      <Filter>Header Files</Filter>
    </ClInclude>
    <ClInclude Include="CmD3D9RenderSystemFactory.h">
      <Filter>Header Files\D3D9RenderSystem</Filter>
    </ClInclude>
    <ClInclude Include="CmApplication.h">
      <Filter>Header Files</Filter>
    </ClInclude>
    <ClInclude Include="CmRenderSystemManager.h">
      <Filter>Header Files</Filter>
    </ClInclude>
    <ClInclude Include="OgreCamera.h">
      <Filter>Header Files</Filter>
    </ClInclude>
    <ClInclude Include="OgreGpuProgramManager.h">
      <Filter>Header Files</Filter>
    </ClInclude>
    <ClInclude Include="OgreHighLevelGpuProgramManager.h">
      <Filter>Header Files</Filter>
    </ClInclude>
    <ClInclude Include="RenderSystemGL\Source\atifs\include\ATI_FS_GLGpuProgram.h">
      <Filter>RenderSystemGL\ATIFS</Filter>
    </ClInclude>
    <ClInclude Include="RenderSystemGL\Source\atifs\include\Compiler2Pass.h">
      <Filter>RenderSystemGL\ATIFS</Filter>
    </ClInclude>
    <ClInclude Include="RenderSystemGL\Source\atifs\include\ps_1_4.h">
      <Filter>RenderSystemGL\ATIFS</Filter>
    </ClInclude>
    <ClInclude Include="RenderSystemGL\Source\GLSL\include\OgreGLSLExtSupport.h">
      <Filter>RenderSystemGL\GLSL</Filter>
    </ClInclude>
    <ClInclude Include="RenderSystemGL\Source\GLSL\include\OgreGLSLGpuProgram.h">
      <Filter>RenderSystemGL\GLSL</Filter>
    </ClInclude>
    <ClInclude Include="RenderSystemGL\Source\GLSL\include\OgreGLSLLinkProgram.h">
      <Filter>RenderSystemGL\GLSL</Filter>
    </ClInclude>
    <ClInclude Include="RenderSystemGL\Source\GLSL\include\OgreGLSLLinkProgramManager.h">
      <Filter>RenderSystemGL\GLSL</Filter>
    </ClInclude>
    <ClInclude Include="RenderSystemGL\Source\GLSL\include\OgreGLSLPreprocessor.h">
      <Filter>RenderSystemGL\GLSL</Filter>
    </ClInclude>
    <ClInclude Include="RenderSystemGL\Source\GLSL\include\OgreGLSLProgram.h">
      <Filter>RenderSystemGL\GLSL</Filter>
    </ClInclude>
    <ClInclude Include="RenderSystemGL\Source\GLSL\include\OgreGLSLProgramFactory.h">
      <Filter>RenderSystemGL\GLSL</Filter>
    </ClInclude>
    <ClInclude Include="RenderSystemGL\Source\nvparse\_ps1.0_parser.h">
      <Filter>RenderSystemGL\NVparse</Filter>
    </ClInclude>
    <ClInclude Include="RenderSystemGL\Source\nvparse\_rc1.0_parser.h">
      <Filter>RenderSystemGL\NVparse</Filter>
    </ClInclude>
    <ClInclude Include="RenderSystemGL\Source\nvparse\_ts1.0_parser.h">
      <Filter>RenderSystemGL\NVparse</Filter>
    </ClInclude>
    <ClInclude Include="RenderSystemGL\Source\nvparse\_vs1.0_parser.h">
      <Filter>RenderSystemGL\NVparse</Filter>
    </ClInclude>
    <ClInclude Include="RenderSystemGL\Source\nvparse\macro.h">
      <Filter>RenderSystemGL\NVparse</Filter>
    </ClInclude>
    <ClInclude Include="RenderSystemGL\Source\nvparse\nvparse.h">
      <Filter>RenderSystemGL\NVparse</Filter>
    </ClInclude>
    <ClInclude Include="RenderSystemGL\Source\nvparse\nvparse_errors.h">
      <Filter>RenderSystemGL\NVparse</Filter>
    </ClInclude>
    <ClInclude Include="RenderSystemGL\Source\nvparse\nvparse_externs.h">
      <Filter>RenderSystemGL\NVparse</Filter>
    </ClInclude>
    <ClInclude Include="RenderSystemGL\Source\nvparse\ps1.0_program.h">
      <Filter>RenderSystemGL\NVparse</Filter>
    </ClInclude>
    <ClInclude Include="RenderSystemGL\Source\nvparse\rc1.0_combiners.h">
      <Filter>RenderSystemGL\NVparse</Filter>
    </ClInclude>
    <ClInclude Include="RenderSystemGL\Source\nvparse\rc1.0_final.h">
      <Filter>RenderSystemGL\NVparse</Filter>
    </ClInclude>
    <ClInclude Include="RenderSystemGL\Source\nvparse\rc1.0_general.h">
      <Filter>RenderSystemGL\NVparse</Filter>
    </ClInclude>
    <ClInclude Include="RenderSystemGL\Source\nvparse\rc1.0_register.h">
      <Filter>RenderSystemGL\NVparse</Filter>
    </ClInclude>
    <ClInclude Include="RenderSystemGL\Source\nvparse\ts1.0_inst.h">
      <Filter>RenderSystemGL\NVparse</Filter>
    </ClInclude>
    <ClInclude Include="RenderSystemGL\Source\nvparse\ts1.0_inst_list.h">
      <Filter>RenderSystemGL\NVparse</Filter>
    </ClInclude>
    <ClInclude Include="RenderSystemGL\Source\nvparse\vs1.0_inst.h">
      <Filter>RenderSystemGL\NVparse</Filter>
    </ClInclude>
    <ClInclude Include="RenderSystemGL\Source\nvparse\vs1.0_inst_list.h">
      <Filter>RenderSystemGL\NVparse</Filter>
    </ClInclude>
    <ClInclude Include="RenderSystemGL\Include\OgreGLPrerequisites.h">
      <Filter>RenderSystemGL\Header Files</Filter>
    </ClInclude>
    <ClInclude Include="RenderSystemGL\Include\OgreGLATIFSInit.h">
      <Filter>RenderSystemGL\Header Files</Filter>
    </ClInclude>
    <ClInclude Include="RenderSystemGL\Include\OgreGLContext.h">
      <Filter>RenderSystemGL\Header Files</Filter>
    </ClInclude>
    <ClInclude Include="RenderSystemGL\Include\OgreGLDefaultHardwareBufferManager.h">
      <Filter>RenderSystemGL\Header Files</Filter>
    </ClInclude>
    <ClInclude Include="RenderSystemGL\Include\OgreGLFBOMultiRenderTarget.h">
      <Filter>RenderSystemGL\Header Files</Filter>
    </ClInclude>
    <ClInclude Include="RenderSystemGL\Include\OgreGLFBORenderTexture.h">
      <Filter>RenderSystemGL\Header Files</Filter>
    </ClInclude>
    <ClInclude Include="RenderSystemGL\Include\OgreGLFrameBufferObject.h">
      <Filter>RenderSystemGL\Header Files</Filter>
    </ClInclude>
    <ClInclude Include="RenderSystemGL\Include\OgreGLGpuNvparseProgram.h">
      <Filter>RenderSystemGL\Header Files</Filter>
    </ClInclude>
    <ClInclude Include="RenderSystemGL\Include\OgreGLGpuProgram.h">
      <Filter>RenderSystemGL\Header Files</Filter>
    </ClInclude>
    <ClInclude Include="RenderSystemGL\Include\OgreGLGpuProgramManager.h">
      <Filter>RenderSystemGL\Header Files</Filter>
    </ClInclude>
    <ClInclude Include="RenderSystemGL\Include\OgreGLHardwareBufferManager.h">
      <Filter>RenderSystemGL\Header Files</Filter>
    </ClInclude>
    <ClInclude Include="RenderSystemGL\Include\OgreGLHardwareIndexBuffer.h">
      <Filter>RenderSystemGL\Header Files</Filter>
    </ClInclude>
    <ClInclude Include="RenderSystemGL\Include\OgreGLHardwareOcclusionQuery.h">
      <Filter>RenderSystemGL\Header Files</Filter>
    </ClInclude>
    <ClInclude Include="RenderSystemGL\Include\OgreGLHardwarePixelBuffer.h">
      <Filter>RenderSystemGL\Header Files</Filter>
    </ClInclude>
    <ClInclude Include="RenderSystemGL\Include\OgreGLHardwareVertexBuffer.h">
      <Filter>RenderSystemGL\Header Files</Filter>
    </ClInclude>
    <ClInclude Include="RenderSystemGL\Include\OgreGLPBRenderTexture.h">
      <Filter>RenderSystemGL\Header Files</Filter>
    </ClInclude>
    <ClInclude Include="RenderSystemGL\Include\OgreGLPBuffer.h">
      <Filter>RenderSystemGL\Header Files</Filter>
    </ClInclude>
    <ClInclude Include="RenderSystemGL\Include\OgreGLPixelFormat.h">
      <Filter>RenderSystemGL\Header Files</Filter>
    </ClInclude>
    <ClInclude Include="RenderSystemGL\Include\OgreGLRenderSystem.h">
      <Filter>RenderSystemGL\Header Files</Filter>
    </ClInclude>
    <ClInclude Include="RenderSystemGL\Include\OgreGLRenderTexture.h">
      <Filter>RenderSystemGL\Header Files</Filter>
    </ClInclude>
    <ClInclude Include="RenderSystemGL\Include\OgreGLSupport.h">
      <Filter>RenderSystemGL\Header Files</Filter>
    </ClInclude>
    <ClInclude Include="RenderSystemGL\Include\OgreGLTexture.h">
      <Filter>RenderSystemGL\Header Files</Filter>
    </ClInclude>
    <ClInclude Include="RenderSystemGL\Include\OgreGLTextureManager.h">
      <Filter>RenderSystemGL\Header Files</Filter>
    </ClInclude>
    <ClInclude Include="RenderSystemGL\Include\OgreWin32Context.h">
      <Filter>RenderSystemGL\Header Files</Filter>
    </ClInclude>
    <ClInclude Include="RenderSystemGL\Include\OgreWin32GLSupport.h">
      <Filter>RenderSystemGL\Header Files</Filter>
    </ClInclude>
    <ClInclude Include="RenderSystemGL\Include\OgreWin32Prerequisites.h">
      <Filter>RenderSystemGL\Header Files</Filter>
    </ClInclude>
    <ClInclude Include="RenderSystemGL\Include\OgreWin32RenderTexture.h">
      <Filter>RenderSystemGL\Header Files</Filter>
    </ClInclude>
    <ClInclude Include="RenderSystemGL\Include\OgreWin32Window.h">
      <Filter>RenderSystemGL\Header Files</Filter>
    </ClInclude>
    <ClInclude Include="RenderSystemGL\Source\win32\OgreGLUtil.h">
      <Filter>RenderSystemGL\Win32</Filter>
    </ClInclude>
    <ClInclude Include="RenderSystemGL\Include\CmGLRenderSystemFactory.h">
      <Filter>RenderSystemGL\Header Files</Filter>
    </ClInclude>
    <ClInclude Include="OgreTextureManager.h">
      <Filter>Header Files</Filter>
    </ClInclude>
    <ClInclude Include="OgreConfigOptionMap.h">
      <Filter>Header Files\ForRemoval</Filter>
    </ClInclude>
    <ClInclude Include="OgreTextureState.h">
      <Filter>Header Files</Filter>
    </ClInclude>
  </ItemGroup>
  <ItemGroup>
    <ClCompile Include="stdafx.cpp">
      <Filter>Source Files</Filter>
    </ClCompile>
    <ClCompile Include="CamelotRenderer.cpp">
      <Filter>Source Files</Filter>
    </ClCompile>
    <ClCompile Include="OgreD3D9VideoMode.cpp">
      <Filter>Source Files\D3D9RenderSystem</Filter>
    </ClCompile>
    <ClCompile Include="OgreRenderSystemCapabilities.cpp">
      <Filter>Source Files</Filter>
    </ClCompile>
    <ClCompile Include="OgreD3D9Resource.cpp">
      <Filter>Source Files\D3D9RenderSystem</Filter>
    </ClCompile>
    <ClCompile Include="OgreHardwareVertexBuffer.cpp">
      <Filter>Source Files</Filter>
    </ClCompile>
    <ClCompile Include="OgreHardwareIndexBuffer.cpp">
      <Filter>Source Files</Filter>
    </ClCompile>
    <ClCompile Include="OgreHardwareBufferManager.cpp">
      <Filter>Source Files</Filter>
    </ClCompile>
    <ClCompile Include="OgreVertexIndexData.cpp">
      <Filter>Source Files</Filter>
    </ClCompile>
    <ClCompile Include="OgreDefaultHardwareBufferManager.cpp">
      <Filter>Source Files</Filter>
    </ClCompile>
    <ClCompile Include="OgreMath.cpp">
      <Filter>Source Files\Math</Filter>
    </ClCompile>
    <ClCompile Include="OgreMatrix3.cpp">
      <Filter>Source Files\Math</Filter>
    </ClCompile>
    <ClCompile Include="OgreMatrix4.cpp">
      <Filter>Source Files\Math</Filter>
    </ClCompile>
    <ClCompile Include="OgrePlane.cpp">
      <Filter>Source Files\Math</Filter>
    </ClCompile>
    <ClCompile Include="OgreQuaternion.cpp">
      <Filter>Source Files\Math</Filter>
    </ClCompile>
    <ClCompile Include="OgreVector2.cpp">
      <Filter>Source Files\Math</Filter>
    </ClCompile>
    <ClCompile Include="OgreVector3.cpp">
      <Filter>Source Files\Math</Filter>
    </ClCompile>
    <ClCompile Include="OgreVector4.cpp">
      <Filter>Source Files\Math</Filter>
    </ClCompile>
    <ClCompile Include="OgreAxisAlignedBox.cpp">
      <Filter>Source Files\Math</Filter>
    </ClCompile>
    <ClCompile Include="OgreAlignedAllocator.cpp">
      <Filter>Source Files\ForRemoval</Filter>
    </ClCompile>
    <ClCompile Include="OgreException.cpp">
      <Filter>Source Files\ForRemoval</Filter>
    </ClCompile>
    <ClCompile Include="OgreString.cpp">
      <Filter>Source Files\ForRemoval</Filter>
    </ClCompile>
    <ClCompile Include="OgreStringConverter.cpp">
      <Filter>Source Files\ForRemoval</Filter>
    </ClCompile>
    <ClCompile Include="OgreFrustum.cpp">
      <Filter>Source Files</Filter>
    </ClCompile>
    <ClCompile Include="OgreViewport.cpp">
      <Filter>Source Files</Filter>
    </ClCompile>
    <ClCompile Include="OgreRenderTarget.cpp">
      <Filter>Source Files</Filter>
    </ClCompile>
    <ClCompile Include="OgreGpuProgram.cpp">
      <Filter>Source Files</Filter>
    </ClCompile>
    <ClCompile Include="OgreGpuProgramParams.cpp">
      <Filter>Source Files</Filter>
    </ClCompile>
    <ClCompile Include="OgreHighLevelGpuProgram.cpp">
      <Filter>Source Files</Filter>
    </ClCompile>
    <ClCompile Include="OgreHardwareOcclusionQuery.cpp">
      <Filter>Source Files</Filter>
    </ClCompile>
    <ClCompile Include="OgreRenderWindow.cpp">
      <Filter>Source Files</Filter>
    </ClCompile>
    <ClCompile Include="OgreRenderTexture.cpp">
      <Filter>Source Files</Filter>
    </ClCompile>
    <ClCompile Include="OgreHardwarePixelBuffer.cpp">
      <Filter>Source Files</Filter>
    </ClCompile>
    <ClCompile Include="OgreRenderSystem.cpp">
      <Filter>Source Files</Filter>
    </ClCompile>
    <ClCompile Include="OgreTexture.cpp">
      <Filter>Source Files</Filter>
    </ClCompile>
    <ClCompile Include="OgreD3D9Mappings.cpp">
      <Filter>Source Files\D3D9RenderSystem</Filter>
    </ClCompile>
    <ClCompile Include="OgreD3D9Device.cpp">
      <Filter>Source Files\D3D9RenderSystem</Filter>
    </ClCompile>
    <ClCompile Include="OgreD3D9DeviceManager.cpp">
      <Filter>Source Files\D3D9RenderSystem</Filter>
    </ClCompile>
    <ClCompile Include="OgreD3D9Driver.cpp">
      <Filter>Source Files\D3D9RenderSystem</Filter>
    </ClCompile>
    <ClCompile Include="OgreD3D9DriverList.cpp">
      <Filter>Source Files\D3D9RenderSystem</Filter>
    </ClCompile>
    <ClCompile Include="OgreD3D9GpuProgram.cpp">
      <Filter>Source Files\D3D9RenderSystem</Filter>
    </ClCompile>
    <ClCompile Include="OgreD3D9GpuProgramManager.cpp">
      <Filter>Source Files\D3D9RenderSystem</Filter>
    </ClCompile>
    <ClCompile Include="OgreD3D9HardwareBufferManager.cpp">
      <Filter>Source Files\D3D9RenderSystem</Filter>
    </ClCompile>
    <ClCompile Include="OgreD3D9HardwareIndexBuffer.cpp">
      <Filter>Source Files\D3D9RenderSystem</Filter>
    </ClCompile>
    <ClCompile Include="OgreD3D9HardwareOcclusionQuery.cpp">
      <Filter>Source Files\D3D9RenderSystem</Filter>
    </ClCompile>
    <ClCompile Include="OgreD3D9HardwarePixelBuffer.cpp">
      <Filter>Source Files\D3D9RenderSystem</Filter>
    </ClCompile>
    <ClCompile Include="OgreD3D9HardwareVertexBuffer.cpp">
      <Filter>Source Files\D3D9RenderSystem</Filter>
    </ClCompile>
    <ClCompile Include="OgreD3D9HLSLProgram.cpp">
      <Filter>Source Files\D3D9RenderSystem</Filter>
    </ClCompile>
    <ClCompile Include="OgreD3D9HLSLProgramFactory.cpp">
      <Filter>Source Files\D3D9RenderSystem</Filter>
    </ClCompile>
    <ClCompile Include="OgreD3D9MultiRenderTarget.cpp">
      <Filter>Source Files\D3D9RenderSystem</Filter>
    </ClCompile>
    <ClCompile Include="OgreD3D9RenderSystem.cpp">
      <Filter>Source Files\D3D9RenderSystem</Filter>
    </ClCompile>
    <ClCompile Include="OgreD3D9RenderWindow.cpp">
      <Filter>Source Files\D3D9RenderSystem</Filter>
    </ClCompile>
    <ClCompile Include="OgreD3D9ResourceManager.cpp">
      <Filter>Source Files\D3D9RenderSystem</Filter>
    </ClCompile>
    <ClCompile Include="OgreD3D9Texture.cpp">
      <Filter>Source Files\D3D9RenderSystem</Filter>
    </ClCompile>
    <ClCompile Include="OgreD3D9TextureManager.cpp">
      <Filter>Source Files\D3D9RenderSystem</Filter>
    </ClCompile>
    <ClCompile Include="OgreD3D9VertexDeclaration.cpp">
      <Filter>Source Files\D3D9RenderSystem</Filter>
    </ClCompile>
    <ClCompile Include="OgreD3D9VideoModeList.cpp">
      <Filter>Source Files\D3D9RenderSystem</Filter>
    </ClCompile>
    <ClCompile Include="OgreColourValue.cpp">
      <Filter>Source Files\Utility</Filter>
    </ClCompile>
    <ClCompile Include="OgrePixelFormat.cpp">
      <Filter>Source Files\Utility</Filter>
    </ClCompile>
    <ClCompile Include="OgreWindowEventUtilities.cpp">
      <Filter>Source Files\Utility</Filter>
    </ClCompile>
    <ClCompile Include="CmD3D9RenderSystemFactory.cpp">
      <Filter>Source Files\D3D9RenderSystem</Filter>
    </ClCompile>
    <ClCompile Include="CmApplication.cpp">
      <Filter>Source Files</Filter>
    </ClCompile>
    <ClCompile Include="CmRenderSystemManager.cpp">
      <Filter>Source Files</Filter>
    </ClCompile>
    <ClCompile Include="OgreCamera.cpp">
      <Filter>Source Files</Filter>
    </ClCompile>
    <ClCompile Include="OgreGpuProgramManager.cpp">
      <Filter>Source Files</Filter>
    </ClCompile>
    <ClCompile Include="OgreHighLevelGpuProgramManager.cpp">
      <Filter>Source Files</Filter>
    </ClCompile>
    <ClCompile Include="RenderSystemGL\Source\atifs\src\ATI_FS_GLGpuProgram.cpp">
      <Filter>RenderSystemGL\ATIFS</Filter>
    </ClCompile>
    <ClCompile Include="RenderSystemGL\Source\atifs\src\Compiler2Pass.cpp">
      <Filter>RenderSystemGL\ATIFS</Filter>
    </ClCompile>
    <ClCompile Include="RenderSystemGL\Source\atifs\src\ps_1_4.cpp">
      <Filter>RenderSystemGL\ATIFS</Filter>
    </ClCompile>
    <ClCompile Include="RenderSystemGL\Source\GLSL\src\OgreGLSLExtSupport.cpp">
      <Filter>RenderSystemGL\GLSL</Filter>
    </ClCompile>
    <ClCompile Include="RenderSystemGL\Source\GLSL\src\OgreGLSLGpuProgram.cpp">
      <Filter>RenderSystemGL\GLSL</Filter>
    </ClCompile>
    <ClCompile Include="RenderSystemGL\Source\GLSL\src\OgreGLSLLinkProgram.cpp">
      <Filter>RenderSystemGL\GLSL</Filter>
    </ClCompile>
    <ClCompile Include="RenderSystemGL\Source\GLSL\src\OgreGLSLLinkProgramManager.cpp">
      <Filter>RenderSystemGL\GLSL</Filter>
    </ClCompile>
    <ClCompile Include="RenderSystemGL\Source\GLSL\src\OgreGLSLPreprocessor.cpp">
      <Filter>RenderSystemGL\GLSL</Filter>
    </ClCompile>
    <ClCompile Include="RenderSystemGL\Source\GLSL\src\OgreGLSLProgram.cpp">
      <Filter>RenderSystemGL\GLSL</Filter>
    </ClCompile>
    <ClCompile Include="RenderSystemGL\Source\GLSL\src\OgreGLSLProgramFactory.cpp">
      <Filter>RenderSystemGL\GLSL</Filter>
    </ClCompile>
    <ClCompile Include="RenderSystemGL\Source\nvparse\_ps1.0_lexer.cpp">
      <Filter>RenderSystemGL\NVparse</Filter>
    </ClCompile>
    <ClCompile Include="RenderSystemGL\Source\nvparse\_ps1.0_parser.cpp">
      <Filter>RenderSystemGL\NVparse</Filter>
    </ClCompile>
    <ClCompile Include="RenderSystemGL\Source\nvparse\_rc1.0_lexer.cpp">
      <Filter>RenderSystemGL\NVparse</Filter>
    </ClCompile>
    <ClCompile Include="RenderSystemGL\Source\nvparse\_rc1.0_parser.cpp">
      <Filter>RenderSystemGL\NVparse</Filter>
    </ClCompile>
    <ClCompile Include="RenderSystemGL\Source\nvparse\_ts1.0_lexer.cpp">
      <Filter>RenderSystemGL\NVparse</Filter>
    </ClCompile>
    <ClCompile Include="RenderSystemGL\Source\nvparse\_ts1.0_parser.cpp">
      <Filter>RenderSystemGL\NVparse</Filter>
    </ClCompile>
    <ClCompile Include="RenderSystemGL\Source\nvparse\_vs1.0_lexer.cpp">
      <Filter>RenderSystemGL\NVparse</Filter>
    </ClCompile>
    <ClCompile Include="RenderSystemGL\Source\nvparse\_vs1.0_parser.cpp">
      <Filter>RenderSystemGL\NVparse</Filter>
    </ClCompile>
    <ClCompile Include="RenderSystemGL\Source\nvparse\avp1.0_impl.cpp">
      <Filter>RenderSystemGL\NVparse</Filter>
    </ClCompile>
    <ClCompile Include="RenderSystemGL\Source\nvparse\nvparse.cpp">
      <Filter>RenderSystemGL\NVparse</Filter>
    </ClCompile>
    <ClCompile Include="RenderSystemGL\Source\nvparse\nvparse_errors.cpp">
      <Filter>RenderSystemGL\NVparse</Filter>
    </ClCompile>
    <ClCompile Include="RenderSystemGL\Source\nvparse\ps1.0_program.cpp">
      <Filter>RenderSystemGL\NVparse</Filter>
    </ClCompile>
    <ClCompile Include="RenderSystemGL\Source\nvparse\rc1.0_combiners.cpp">
      <Filter>RenderSystemGL\NVparse</Filter>
    </ClCompile>
    <ClCompile Include="RenderSystemGL\Source\nvparse\rc1.0_final.cpp">
      <Filter>RenderSystemGL\NVparse</Filter>
    </ClCompile>
    <ClCompile Include="RenderSystemGL\Source\nvparse\rc1.0_general.cpp">
      <Filter>RenderSystemGL\NVparse</Filter>
    </ClCompile>
    <ClCompile Include="RenderSystemGL\Source\nvparse\ts1.0_inst.cpp">
      <Filter>RenderSystemGL\NVparse</Filter>
    </ClCompile>
    <ClCompile Include="RenderSystemGL\Source\nvparse\ts1.0_inst_list.cpp">
      <Filter>RenderSystemGL\NVparse</Filter>
    </ClCompile>
    <ClCompile Include="RenderSystemGL\Source\nvparse\vcp1.0_impl.cpp">
      <Filter>RenderSystemGL\NVparse</Filter>
    </ClCompile>
    <ClCompile Include="RenderSystemGL\Source\nvparse\vp1.0_impl.cpp">
      <Filter>RenderSystemGL\NVparse</Filter>
    </ClCompile>
    <ClCompile Include="RenderSystemGL\Source\nvparse\vs1.0_inst.cpp">
      <Filter>RenderSystemGL\NVparse</Filter>
    </ClCompile>
    <ClCompile Include="RenderSystemGL\Source\nvparse\vs1.0_inst_list.cpp">
      <Filter>RenderSystemGL\NVparse</Filter>
    </ClCompile>
    <ClCompile Include="RenderSystemGL\Source\nvparse\vsp1.0_impl.cpp">
      <Filter>RenderSystemGL\NVparse</Filter>
    </ClCompile>
    <ClCompile Include="RenderSystemGL\Source\glew.cpp">
      <Filter>RenderSystemGL\Source Files</Filter>
    </ClCompile>
    <ClCompile Include="RenderSystemGL\Source\OgreGLATIFSInit.cpp">
      <Filter>RenderSystemGL\Source Files</Filter>
    </ClCompile>
    <ClCompile Include="RenderSystemGL\Source\OgreGLContext.cpp">
      <Filter>RenderSystemGL\Source Files</Filter>
    </ClCompile>
    <ClCompile Include="RenderSystemGL\Source\OgreGLDefaultHardwareBufferManager.cpp">
      <Filter>RenderSystemGL\Source Files</Filter>
    </ClCompile>
    <ClCompile Include="RenderSystemGL\Source\OgreGLFBOMultiRenderTarget.cpp">
      <Filter>RenderSystemGL\Source Files</Filter>
    </ClCompile>
    <ClCompile Include="RenderSystemGL\Source\OgreGLFBORenderTexture.cpp">
      <Filter>RenderSystemGL\Source Files</Filter>
    </ClCompile>
    <ClCompile Include="RenderSystemGL\Source\OgreGLFrameBufferObject.cpp">
      <Filter>RenderSystemGL\Source Files</Filter>
    </ClCompile>
    <ClCompile Include="RenderSystemGL\Source\OgreGLGpuNvparseProgram.cpp">
      <Filter>RenderSystemGL\Source Files</Filter>
    </ClCompile>
    <ClCompile Include="RenderSystemGL\Source\OgreGLGpuProgram.cpp">
      <Filter>RenderSystemGL\Source Files</Filter>
    </ClCompile>
    <ClCompile Include="RenderSystemGL\Source\OgreGLGpuProgramManager.cpp">
      <Filter>RenderSystemGL\Source Files</Filter>
    </ClCompile>
    <ClCompile Include="RenderSystemGL\Source\OgreGLHardwareBufferManager.cpp">
      <Filter>RenderSystemGL\Source Files</Filter>
    </ClCompile>
    <ClCompile Include="RenderSystemGL\Source\OgreGLHardwareIndexBuffer.cpp">
      <Filter>RenderSystemGL\Source Files</Filter>
    </ClCompile>
    <ClCompile Include="RenderSystemGL\Source\OgreGLHardwareOcclusionQuery.cpp">
      <Filter>RenderSystemGL\Source Files</Filter>
    </ClCompile>
    <ClCompile Include="RenderSystemGL\Source\OgreGLHardwarePixelBuffer.cpp">
      <Filter>RenderSystemGL\Source Files</Filter>
    </ClCompile>
    <ClCompile Include="RenderSystemGL\Source\OgreGLHardwareVertexBuffer.cpp">
      <Filter>RenderSystemGL\Source Files</Filter>
    </ClCompile>
    <ClCompile Include="RenderSystemGL\Source\OgreGLPBRenderTexture.cpp">
      <Filter>RenderSystemGL\Source Files</Filter>
    </ClCompile>
    <ClCompile Include="RenderSystemGL\Source\OgreGLPixelFormat.cpp">
      <Filter>RenderSystemGL\Source Files</Filter>
    </ClCompile>
    <ClCompile Include="RenderSystemGL\Source\OgreGLRenderSystem.cpp">
      <Filter>RenderSystemGL\Source Files</Filter>
    </ClCompile>
    <ClCompile Include="RenderSystemGL\Source\OgreGLRenderTexture.cpp">
      <Filter>RenderSystemGL\Source Files</Filter>
    </ClCompile>
    <ClCompile Include="RenderSystemGL\Source\OgreGLSupport.cpp">
      <Filter>RenderSystemGL\Source Files</Filter>
    </ClCompile>
    <ClCompile Include="RenderSystemGL\Source\OgreGLTexture.cpp">
      <Filter>RenderSystemGL\Source Files</Filter>
    </ClCompile>
    <ClCompile Include="RenderSystemGL\Source\OgreGLTextureManager.cpp">
      <Filter>RenderSystemGL\Source Files</Filter>
    </ClCompile>
    <ClCompile Include="RenderSystemGL\Source\OgreWin32GLSupport.cpp">
      <Filter>RenderSystemGL\Source Files</Filter>
    </ClCompile>
    <ClCompile Include="RenderSystemGL\Source\OgreWin32RenderTexture.cpp">
      <Filter>RenderSystemGL\Source Files</Filter>
    </ClCompile>
    <ClCompile Include="RenderSystemGL\Source\OgreWin32Window.cpp">
      <Filter>RenderSystemGL\Source Files</Filter>
    </ClCompile>
    <ClCompile Include="RenderSystemGL\Source\win32\OgreWin32Context.cpp">
      <Filter>RenderSystemGL\Win32</Filter>
    </ClCompile>
    <ClCompile Include="RenderSystemGL\Source\CmGLRenderSystemFactory.cpp">
      <Filter>RenderSystemGL\Source Files</Filter>
    </ClCompile>
    <ClCompile Include="OgreTextureManager.cpp">
      <Filter>Source Files</Filter>
    </ClCompile>
    <ClCompile Include="OgreTextureState.cpp">
      <Filter>Source Files</Filter>
    </ClCompile>
  </ItemGroup>
</Project>