<?xml version="1.0" encoding="utf-8"?>
<Project ToolsVersion="4.0" xmlns="http://schemas.microsoft.com/developer/msbuild/2003">
  <ItemGroup>
    <Filter Include="Source Files">
      <UniqueIdentifier>{4FC737F1-C7A5-4376-A066-2A32D752A2FF}</UniqueIdentifier>
      <Extensions>cpp;c;cc;cxx;def;odl;idl;hpj;bat;asm;asmx</Extensions>
    </Filter>
    <Filter Include="Header Files">
      <UniqueIdentifier>{93995380-89BD-4b04-88EB-625FBE52EBFB}</UniqueIdentifier>
      <Extensions>h;hpp;hxx;hm;inl;inc;xsd</Extensions>
    </Filter>
    <Filter Include="Resource Files">
      <UniqueIdentifier>{67DA6AB6-F800-4c08-8B7A-83BB121AAD01}</UniqueIdentifier>
      <Extensions>rc;ico;cur;bmp;dlg;rc2;rct;bin;rgs;gif;jpg;jpeg;jpe;resx;tiff;tif;png;wav;mfcribbon-ms</Extensions>
    </Filter>
    <Filter Include="Header Files\D3D9RenderSystem">
      <UniqueIdentifier>{e3f1eefd-4271-435c-a2e4-ce6770542e1f}</UniqueIdentifier>
    </Filter>
    <Filter Include="Source Files\D3D9RenderSystem">
      <UniqueIdentifier>{5ab8878b-6adb-4f4a-84c4-9315abf782d2}</UniqueIdentifier>
    </Filter>
    <Filter Include="Header Files\ForRemoval">
      <UniqueIdentifier>{f916bd59-03a7-42a7-9b9c-60abe94020bc}</UniqueIdentifier>
    </Filter>
    <Filter Include="Source Files\ForRemoval">
      <UniqueIdentifier>{004ec8e4-409f-4bc2-b697-f24c707a2429}</UniqueIdentifier>
    </Filter>
    <Filter Include="Header Files\Utility">
      <UniqueIdentifier>{2c09857e-4a4a-480f-8ebb-1661a9ce78dd}</UniqueIdentifier>
    </Filter>
    <Filter Include="Source Files\Utility">
      <UniqueIdentifier>{48d2fcc6-cfa6-4d2f-a83c-d16ec65eb96b}</UniqueIdentifier>
    </Filter>
    <Filter Include="RenderSystemGL">
      <UniqueIdentifier>{d4385d3f-7227-4aed-a387-250886e950ab}</UniqueIdentifier>
    </Filter>
    <Filter Include="RenderSystemGL\Header Files">
      <UniqueIdentifier>{94e160b5-1529-4d29-9ee0-eea8158ec876}</UniqueIdentifier>
    </Filter>
    <Filter Include="RenderSystemGL\Source Files">
      <UniqueIdentifier>{87b73aca-929b-4d9b-897c-1a893a7453b0}</UniqueIdentifier>
    </Filter>
    <Filter Include="RenderSystemGL\ATIFS">
      <UniqueIdentifier>{3ae65763-62bb-4a7c-831e-369c75f19fc1}</UniqueIdentifier>
    </Filter>
    <Filter Include="RenderSystemGL\GLSL">
      <UniqueIdentifier>{bc8cc9fd-f7d3-46f6-9d0d-d0d8dbb080c1}</UniqueIdentifier>
    </Filter>
    <Filter Include="RenderSystemGL\Win32">
      <UniqueIdentifier>{7c0425d8-c90d-4dce-89f6-11eeafe1efd9}</UniqueIdentifier>
    </Filter>
  </ItemGroup>
  <ItemGroup>
    <Text Include="ReadMe.txt" />
    <Text Include="TODO.txt" />
    <Text Include="HighLevelTODO.txt" />
  </ItemGroup>
  <ItemGroup>
    <ClInclude Include="stdafx.h">
      <Filter>Header Files</Filter>
    </ClInclude>
    <ClInclude Include="targetver.h">
      <Filter>Header Files</Filter>
    </ClInclude>
    <ClInclude Include="CmRenderSystemFactory.h">
      <Filter>Header Files</Filter>
    </ClInclude>
    <ClInclude Include="CmD3D9RenderSystemFactory.h">
      <Filter>Header Files\D3D9RenderSystem</Filter>
    </ClInclude>
    <ClInclude Include="CmApplication.h">
      <Filter>Header Files</Filter>
    </ClInclude>
    <ClInclude Include="CmRenderSystemManager.h">
      <Filter>Header Files</Filter>
    </ClInclude>
    <ClInclude Include="RenderSystemGL\Source\atifs\include\ATI_FS_GLGpuProgram.h">
      <Filter>RenderSystemGL\ATIFS</Filter>
    </ClInclude>
    <ClInclude Include="RenderSystemGL\Source\atifs\include\Compiler2Pass.h">
      <Filter>RenderSystemGL\ATIFS</Filter>
    </ClInclude>
    <ClInclude Include="RenderSystemGL\Source\atifs\include\ps_1_4.h">
      <Filter>RenderSystemGL\ATIFS</Filter>
    </ClInclude>
    <ClInclude Include="RenderSystemGL\Include\CmGLRenderSystemFactory.h">
      <Filter>RenderSystemGL\Header Files</Filter>
    </ClInclude>
    <ClInclude Include="CmCamera.h">
      <Filter>Header Files</Filter>
    </ClInclude>
    <ClInclude Include="CmDefaultHardwareBufferManager.h">
      <Filter>Header Files</Filter>
    </ClInclude>
    <ClInclude Include="CmFrustum.h">
      <Filter>Header Files</Filter>
    </ClInclude>
    <ClInclude Include="CmGpuProgram.h">
      <Filter>Header Files</Filter>
    </ClInclude>
    <ClInclude Include="CmGpuProgramManager.h">
      <Filter>Header Files</Filter>
    </ClInclude>
    <ClInclude Include="CmGpuProgramParams.h">
      <Filter>Header Files</Filter>
    </ClInclude>
    <ClInclude Include="CmHardwareBuffer.h">
      <Filter>Header Files</Filter>
    </ClInclude>
    <ClInclude Include="CmHardwareBufferManager.h">
      <Filter>Header Files</Filter>
    </ClInclude>
    <ClInclude Include="CmHardwareIndexBuffer.h">
      <Filter>Header Files</Filter>
    </ClInclude>
    <ClInclude Include="CmHardwareOcclusionQuery.h">
      <Filter>Header Files</Filter>
    </ClInclude>
    <ClInclude Include="CmHardwarePixelBuffer.h">
      <Filter>Header Files</Filter>
    </ClInclude>
    <ClInclude Include="CmHardwareVertexBuffer.h">
      <Filter>Header Files</Filter>
    </ClInclude>
    <ClInclude Include="CmHighLevelGpuProgram.h">
      <Filter>Header Files</Filter>
    </ClInclude>
    <ClInclude Include="CmHighLevelGpuProgramManager.h">
      <Filter>Header Files</Filter>
    </ClInclude>
    <ClInclude Include="CmRenderSystem.h">
      <Filter>Header Files</Filter>
    </ClInclude>
    <ClInclude Include="CmRenderSystemCapabilities.h">
      <Filter>Header Files</Filter>
    </ClInclude>
    <ClInclude Include="CmRenderTarget.h">
      <Filter>Header Files</Filter>
    </ClInclude>
    <ClInclude Include="CmRenderTexture.h">
      <Filter>Header Files</Filter>
    </ClInclude>
    <ClInclude Include="CmRenderWindow.h">
      <Filter>Header Files</Filter>
    </ClInclude>
    <ClInclude Include="CmTexture.h">
      <Filter>Header Files</Filter>
    </ClInclude>
    <ClInclude Include="CmTextureManager.h">
      <Filter>Header Files</Filter>
    </ClInclude>
    <ClInclude Include="CmTextureState.h">
      <Filter>Header Files</Filter>
    </ClInclude>
    <ClInclude Include="CmVertexIndexData.h">
      <Filter>Header Files</Filter>
    </ClInclude>
    <ClInclude Include="CmViewport.h">
      <Filter>Header Files</Filter>
    </ClInclude>
    <ClInclude Include="CmD3D9Device.h">
      <Filter>Header Files\D3D9RenderSystem</Filter>
    </ClInclude>
    <ClInclude Include="CmD3D9DeviceManager.h">
      <Filter>Header Files\D3D9RenderSystem</Filter>
    </ClInclude>
    <ClInclude Include="CmD3D9Driver.h">
      <Filter>Header Files\D3D9RenderSystem</Filter>
    </ClInclude>
    <ClInclude Include="CmD3D9DriverList.h">
      <Filter>Header Files\D3D9RenderSystem</Filter>
    </ClInclude>
    <ClInclude Include="CmD3D9GpuProgram.h">
      <Filter>Header Files\D3D9RenderSystem</Filter>
    </ClInclude>
    <ClInclude Include="CmD3D9GpuProgramManager.h">
      <Filter>Header Files\D3D9RenderSystem</Filter>
    </ClInclude>
    <ClInclude Include="CmD3D9HardwareBufferManager.h">
      <Filter>Header Files\D3D9RenderSystem</Filter>
    </ClInclude>
    <ClInclude Include="CmD3D9HardwareIndexBuffer.h">
      <Filter>Header Files\D3D9RenderSystem</Filter>
    </ClInclude>
    <ClInclude Include="CmD3D9HardwareOcclusionQuery.h">
      <Filter>Header Files\D3D9RenderSystem</Filter>
    </ClInclude>
    <ClInclude Include="CmD3D9HardwarePixelBuffer.h">
      <Filter>Header Files\D3D9RenderSystem</Filter>
    </ClInclude>
    <ClInclude Include="CmD3D9HardwareVertexBuffer.h">
      <Filter>Header Files\D3D9RenderSystem</Filter>
    </ClInclude>
    <ClInclude Include="CmD3D9HLSLProgram.h">
      <Filter>Header Files\D3D9RenderSystem</Filter>
    </ClInclude>
    <ClInclude Include="CmD3D9HLSLProgramFactory.h">
      <Filter>Header Files\D3D9RenderSystem</Filter>
    </ClInclude>
    <ClInclude Include="CmD3D9Mappings.h">
      <Filter>Header Files\D3D9RenderSystem</Filter>
    </ClInclude>
    <ClInclude Include="CmD3D9MultiRenderTarget.h">
      <Filter>Header Files\D3D9RenderSystem</Filter>
    </ClInclude>
    <ClInclude Include="CmD3D9Prerequisites.h">
      <Filter>Header Files\D3D9RenderSystem</Filter>
    </ClInclude>
    <ClInclude Include="CmD3D9RenderSystem.h">
      <Filter>Header Files\D3D9RenderSystem</Filter>
    </ClInclude>
    <ClInclude Include="CmD3D9RenderWindow.h">
      <Filter>Header Files\D3D9RenderSystem</Filter>
    </ClInclude>
    <ClInclude Include="CmD3D9Resource.h">
      <Filter>Header Files\D3D9RenderSystem</Filter>
    </ClInclude>
    <ClInclude Include="CmD3D9ResourceManager.h">
      <Filter>Header Files\D3D9RenderSystem</Filter>
    </ClInclude>
    <ClInclude Include="CmD3D9Texture.h">
      <Filter>Header Files\D3D9RenderSystem</Filter>
    </ClInclude>
    <ClInclude Include="CmD3D9TextureManager.h">
      <Filter>Header Files\D3D9RenderSystem</Filter>
    </ClInclude>
    <ClInclude Include="CmD3D9VertexDeclaration.h">
      <Filter>Header Files\D3D9RenderSystem</Filter>
    </ClInclude>
    <ClInclude Include="CmD3D9VideoMode.h">
      <Filter>Header Files\D3D9RenderSystem</Filter>
    </ClInclude>
    <ClInclude Include="CmD3D9VideoModeList.h">
      <Filter>Header Files\D3D9RenderSystem</Filter>
    </ClInclude>
    <ClInclude Include="RenderSystemGL\Source\win32\CmGLUtil.h">
      <Filter>RenderSystemGL\Win32</Filter>
    </ClInclude>
    <ClInclude Include="RenderSystemGL\Source\GLSL\include\CmGLSLExtSupport.h">
      <Filter>RenderSystemGL\GLSL</Filter>
    </ClInclude>
    <ClInclude Include="RenderSystemGL\Source\GLSL\include\CmGLSLGpuProgram.h">
      <Filter>RenderSystemGL\GLSL</Filter>
    </ClInclude>
    <ClInclude Include="RenderSystemGL\Source\GLSL\include\CmGLSLLinkProgram.h">
      <Filter>RenderSystemGL\GLSL</Filter>
    </ClInclude>
    <ClInclude Include="RenderSystemGL\Source\GLSL\include\CmGLSLLinkProgramManager.h">
      <Filter>RenderSystemGL\GLSL</Filter>
    </ClInclude>
    <ClInclude Include="RenderSystemGL\Source\GLSL\include\CmGLSLPreprocessor.h">
      <Filter>RenderSystemGL\GLSL</Filter>
    </ClInclude>
    <ClInclude Include="RenderSystemGL\Source\GLSL\include\CmGLSLProgram.h">
      <Filter>RenderSystemGL\GLSL</Filter>
    </ClInclude>
    <ClInclude Include="RenderSystemGL\Source\GLSL\include\CmGLSLProgramFactory.h">
      <Filter>RenderSystemGL\GLSL</Filter>
    </ClInclude>
    <ClInclude Include="RenderSystemGL\Include\CmGLATIFSInit.h">
      <Filter>RenderSystemGL\Header Files</Filter>
    </ClInclude>
    <ClInclude Include="RenderSystemGL\Include\CmGLContext.h">
      <Filter>RenderSystemGL\Header Files</Filter>
    </ClInclude>
    <ClInclude Include="RenderSystemGL\Include\CmGLDefaultHardwareBufferManager.h">
      <Filter>RenderSystemGL\Header Files</Filter>
    </ClInclude>
    <ClInclude Include="RenderSystemGL\Include\CmGLFBOMultiRenderTarget.h">
      <Filter>RenderSystemGL\Header Files</Filter>
    </ClInclude>
    <ClInclude Include="RenderSystemGL\Include\CmGLFBORenderTexture.h">
      <Filter>RenderSystemGL\Header Files</Filter>
    </ClInclude>
    <ClInclude Include="RenderSystemGL\Include\CmGLFrameBufferObject.h">
      <Filter>RenderSystemGL\Header Files</Filter>
    </ClInclude>
    <ClInclude Include="RenderSystemGL\Include\CmGLGpuProgram.h">
      <Filter>RenderSystemGL\Header Files</Filter>
    </ClInclude>
    <ClInclude Include="RenderSystemGL\Include\CmGLGpuProgramManager.h">
      <Filter>RenderSystemGL\Header Files</Filter>
    </ClInclude>
    <ClInclude Include="RenderSystemGL\Include\CmGLHardwareBufferManager.h">
      <Filter>RenderSystemGL\Header Files</Filter>
    </ClInclude>
    <ClInclude Include="RenderSystemGL\Include\CmGLHardwareIndexBuffer.h">
      <Filter>RenderSystemGL\Header Files</Filter>
    </ClInclude>
    <ClInclude Include="RenderSystemGL\Include\CmGLHardwareOcclusionQuery.h">
      <Filter>RenderSystemGL\Header Files</Filter>
    </ClInclude>
    <ClInclude Include="RenderSystemGL\Include\CmGLHardwarePixelBuffer.h">
      <Filter>RenderSystemGL\Header Files</Filter>
    </ClInclude>
    <ClInclude Include="RenderSystemGL\Include\CmGLHardwareVertexBuffer.h">
      <Filter>RenderSystemGL\Header Files</Filter>
    </ClInclude>
    <ClInclude Include="RenderSystemGL\Include\CmGLPBRenderTexture.h">
      <Filter>RenderSystemGL\Header Files</Filter>
    </ClInclude>
    <ClInclude Include="RenderSystemGL\Include\CmGLPBuffer.h">
      <Filter>RenderSystemGL\Header Files</Filter>
    </ClInclude>
    <ClInclude Include="RenderSystemGL\Include\CmGLPixelFormat.h">
      <Filter>RenderSystemGL\Header Files</Filter>
    </ClInclude>
    <ClInclude Include="RenderSystemGL\Include\CmGLPrerequisites.h">
      <Filter>RenderSystemGL\Header Files</Filter>
    </ClInclude>
    <ClInclude Include="RenderSystemGL\Include\CmGLRenderSystem.h">
      <Filter>RenderSystemGL\Header Files</Filter>
    </ClInclude>
    <ClInclude Include="RenderSystemGL\Include\CmGLRenderTexture.h">
      <Filter>RenderSystemGL\Header Files</Filter>
    </ClInclude>
    <ClInclude Include="RenderSystemGL\Include\CmGLSupport.h">
      <Filter>RenderSystemGL\Header Files</Filter>
    </ClInclude>
    <ClInclude Include="RenderSystemGL\Include\CmGLTexture.h">
      <Filter>RenderSystemGL\Header Files</Filter>
    </ClInclude>
    <ClInclude Include="RenderSystemGL\Include\CmGLTextureManager.h">
      <Filter>RenderSystemGL\Header Files</Filter>
    </ClInclude>
    <ClInclude Include="RenderSystemGL\Include\CmWin32Context.h">
      <Filter>RenderSystemGL\Header Files</Filter>
    </ClInclude>
    <ClInclude Include="RenderSystemGL\Include\CmWin32GLSupport.h">
      <Filter>RenderSystemGL\Header Files</Filter>
    </ClInclude>
    <ClInclude Include="RenderSystemGL\Include\CmWin32Prerequisites.h">
      <Filter>RenderSystemGL\Header Files</Filter>
    </ClInclude>
    <ClInclude Include="RenderSystemGL\Include\CmWin32RenderTexture.h">
      <Filter>RenderSystemGL\Header Files</Filter>
    </ClInclude>
    <ClInclude Include="RenderSystemGL\Include\CmWin32Window.h">
      <Filter>RenderSystemGL\Header Files</Filter>
    </ClInclude>
    <ClInclude Include="CmBitwise.h">
      <Filter>Header Files\ForRemoval</Filter>
    </ClInclude>
    <ClInclude Include="CmConfigOptionMap.h">
      <Filter>Header Files\ForRemoval</Filter>
    </ClInclude>
    <ClInclude Include="CmHeaderPrefix.h">
      <Filter>Header Files\ForRemoval</Filter>
    </ClInclude>
    <ClInclude Include="CmHeaderSuffix.h">
      <Filter>Header Files\ForRemoval</Filter>
    </ClInclude>
    <ClInclude Include="CmPrerequisites.h">
      <Filter>Header Files\ForRemoval</Filter>
    </ClInclude>
    <ClInclude Include="CmRenderOperation.h">
      <Filter>Header Files\ForRemoval</Filter>
    </ClInclude>
    <ClInclude Include="CmSingleton.h">
      <Filter>Header Files\ForRemoval</Filter>
    </ClInclude>
    <ClInclude Include="CmBlendMode.h">
      <Filter>Header Files\Utility</Filter>
    </ClInclude>
    <ClInclude Include="CmColourValue.h">
      <Filter>Header Files\Utility</Filter>
    </ClInclude>
    <ClInclude Include="CmCommon.h">
      <Filter>Header Files\Utility</Filter>
    </ClInclude>
    <ClInclude Include="CmImageResampler.h">
      <Filter>Header Files\Utility</Filter>
    </ClInclude>
    <ClInclude Include="CmPixelFormat.h">
      <Filter>Header Files\Utility</Filter>
    </ClInclude>
    <ClInclude Include="CmWindowEventUtilities.h">
      <Filter>Header Files\Utility</Filter>
    </ClInclude>
  </ItemGroup>
  <ItemGroup>
    <ClCompile Include="stdafx.cpp">
      <Filter>Source Files</Filter>
    </ClCompile>
    <ClCompile Include="CamelotRenderer.cpp">
      <Filter>Source Files</Filter>
    </ClCompile>
    <ClCompile Include="CmD3D9RenderSystemFactory.cpp">
      <Filter>Source Files\D3D9RenderSystem</Filter>
    </ClCompile>
    <ClCompile Include="CmApplication.cpp">
      <Filter>Source Files</Filter>
    </ClCompile>
    <ClCompile Include="CmRenderSystemManager.cpp">
      <Filter>Source Files</Filter>
    </ClCompile>
    <ClCompile Include="RenderSystemGL\Source\atifs\src\ATI_FS_GLGpuProgram.cpp">
      <Filter>RenderSystemGL\ATIFS</Filter>
    </ClCompile>
    <ClCompile Include="RenderSystemGL\Source\atifs\src\Compiler2Pass.cpp">
      <Filter>RenderSystemGL\ATIFS</Filter>
    </ClCompile>
    <ClCompile Include="RenderSystemGL\Source\atifs\src\ps_1_4.cpp">
      <Filter>RenderSystemGL\ATIFS</Filter>
    </ClCompile>
    <ClCompile Include="RenderSystemGL\Source\glew.cpp">
      <Filter>RenderSystemGL\Source Files</Filter>
    </ClCompile>
    <ClCompile Include="RenderSystemGL\Source\CmGLRenderSystemFactory.cpp">
      <Filter>RenderSystemGL\Source Files</Filter>
    </ClCompile>
    <ClCompile Include="CmCamera.cpp">
      <Filter>Source Files</Filter>
    </ClCompile>
    <ClCompile Include="CmDefaultHardwareBufferManager.cpp">
      <Filter>Source Files</Filter>
    </ClCompile>
    <ClCompile Include="CmFrustum.cpp">
      <Filter>Source Files</Filter>
    </ClCompile>
    <ClCompile Include="CmGpuProgram.cpp">
      <Filter>Source Files</Filter>
    </ClCompile>
    <ClCompile Include="CmGpuProgramManager.cpp">
      <Filter>Source Files</Filter>
    </ClCompile>
    <ClCompile Include="CmGpuProgramParams.cpp">
      <Filter>Source Files</Filter>
    </ClCompile>
    <ClCompile Include="CmHardwareBufferManager.cpp">
      <Filter>Source Files</Filter>
    </ClCompile>
    <ClCompile Include="CmHardwareIndexBuffer.cpp">
      <Filter>Source Files</Filter>
    </ClCompile>
    <ClCompile Include="CmHardwareOcclusionQuery.cpp">
      <Filter>Source Files</Filter>
    </ClCompile>
    <ClCompile Include="CmHardwarePixelBuffer.cpp">
      <Filter>Source Files</Filter>
    </ClCompile>
    <ClCompile Include="CmHardwareVertexBuffer.cpp">
      <Filter>Source Files</Filter>
    </ClCompile>
    <ClCompile Include="CmHighLevelGpuProgram.cpp">
      <Filter>Source Files</Filter>
    </ClCompile>
    <ClCompile Include="CmHighLevelGpuProgramManager.cpp">
      <Filter>Source Files</Filter>
    </ClCompile>
    <ClCompile Include="CmRenderSystem.cpp">
      <Filter>Source Files</Filter>
    </ClCompile>
    <ClCompile Include="CmRenderSystemCapabilities.cpp">
      <Filter>Source Files</Filter>
    </ClCompile>
    <ClCompile Include="CmRenderTarget.cpp">
      <Filter>Source Files</Filter>
    </ClCompile>
    <ClCompile Include="CmRenderTexture.cpp">
      <Filter>Source Files</Filter>
    </ClCompile>
    <ClCompile Include="CmRenderWindow.cpp">
      <Filter>Source Files</Filter>
    </ClCompile>
    <ClCompile Include="CmTexture.cpp">
      <Filter>Source Files</Filter>
    </ClCompile>
    <ClCompile Include="CmTextureManager.cpp">
      <Filter>Source Files</Filter>
    </ClCompile>
    <ClCompile Include="CmTextureState.cpp">
      <Filter>Source Files</Filter>
    </ClCompile>
    <ClCompile Include="CmVertexIndexData.cpp">
      <Filter>Source Files</Filter>
    </ClCompile>
    <ClCompile Include="CmViewport.cpp">
      <Filter>Source Files</Filter>
    </ClCompile>
    <ClCompile Include="CmD3D9Device.cpp">
      <Filter>Source Files\D3D9RenderSystem</Filter>
    </ClCompile>
    <ClCompile Include="CmD3D9DeviceManager.cpp">
      <Filter>Source Files\D3D9RenderSystem</Filter>
    </ClCompile>
    <ClCompile Include="CmD3D9Driver.cpp">
      <Filter>Source Files\D3D9RenderSystem</Filter>
    </ClCompile>
    <ClCompile Include="CmD3D9DriverList.cpp">
      <Filter>Source Files\D3D9RenderSystem</Filter>
    </ClCompile>
    <ClCompile Include="CmD3D9GpuProgram.cpp">
      <Filter>Source Files\D3D9RenderSystem</Filter>
    </ClCompile>
    <ClCompile Include="CmD3D9GpuProgramManager.cpp">
      <Filter>Source Files\D3D9RenderSystem</Filter>
    </ClCompile>
    <ClCompile Include="CmD3D9HardwareBufferManager.cpp">
      <Filter>Source Files\D3D9RenderSystem</Filter>
    </ClCompile>
    <ClCompile Include="CmD3D9HardwareIndexBuffer.cpp">
      <Filter>Source Files\D3D9RenderSystem</Filter>
    </ClCompile>
    <ClCompile Include="CmD3D9HardwareOcclusionQuery.cpp">
      <Filter>Source Files\D3D9RenderSystem</Filter>
    </ClCompile>
    <ClCompile Include="CmD3D9HardwarePixelBuffer.cpp">
      <Filter>Source Files\D3D9RenderSystem</Filter>
    </ClCompile>
    <ClCompile Include="CmD3D9HardwareVertexBuffer.cpp">
      <Filter>Source Files\D3D9RenderSystem</Filter>
    </ClCompile>
    <ClCompile Include="CmD3D9HLSLProgram.cpp">
      <Filter>Source Files\D3D9RenderSystem</Filter>
    </ClCompile>
    <ClCompile Include="CmD3D9HLSLProgramFactory.cpp">
      <Filter>Source Files\D3D9RenderSystem</Filter>
    </ClCompile>
    <ClCompile Include="CmD3D9Mappings.cpp">
      <Filter>Source Files\D3D9RenderSystem</Filter>
    </ClCompile>
    <ClCompile Include="CmD3D9MultiRenderTarget.cpp">
      <Filter>Source Files\D3D9RenderSystem</Filter>
    </ClCompile>
    <ClCompile Include="CmD3D9RenderSystem.cpp">
      <Filter>Source Files\D3D9RenderSystem</Filter>
    </ClCompile>
    <ClCompile Include="CmD3D9RenderWindow.cpp">
      <Filter>Source Files\D3D9RenderSystem</Filter>
    </ClCompile>
    <ClCompile Include="CmD3D9Resource.cpp">
      <Filter>Source Files\D3D9RenderSystem</Filter>
    </ClCompile>
    <ClCompile Include="CmD3D9ResourceManager.cpp">
      <Filter>Source Files\D3D9RenderSystem</Filter>
    </ClCompile>
    <ClCompile Include="CmD3D9Texture.cpp">
      <Filter>Source Files\D3D9RenderSystem</Filter>
    </ClCompile>
    <ClCompile Include="CmD3D9TextureManager.cpp">
      <Filter>Source Files\D3D9RenderSystem</Filter>
    </ClCompile>
    <ClCompile Include="CmD3D9VertexDeclaration.cpp">
      <Filter>Source Files\D3D9RenderSystem</Filter>
    </ClCompile>
    <ClCompile Include="CmD3D9VideoMode.cpp">
      <Filter>Source Files\D3D9RenderSystem</Filter>
    </ClCompile>
    <ClCompile Include="CmD3D9VideoModeList.cpp">
      <Filter>Source Files\D3D9RenderSystem</Filter>
    </ClCompile>
    <ClCompile Include="RenderSystemGL\Source\win32\CmWin32Context.cpp">
      <Filter>RenderSystemGL\Win32</Filter>
    </ClCompile>
    <ClCompile Include="RenderSystemGL\Source\GLSL\src\CmGLSLExtSupport.cpp">
      <Filter>RenderSystemGL\GLSL</Filter>
    </ClCompile>
    <ClCompile Include="RenderSystemGL\Source\GLSL\src\CmGLSLGpuProgram.cpp">
      <Filter>RenderSystemGL\GLSL</Filter>
    </ClCompile>
    <ClCompile Include="RenderSystemGL\Source\GLSL\src\CmGLSLLinkProgram.cpp">
      <Filter>RenderSystemGL\GLSL</Filter>
    </ClCompile>
    <ClCompile Include="RenderSystemGL\Source\GLSL\src\CmGLSLLinkProgramManager.cpp">
      <Filter>RenderSystemGL\GLSL</Filter>
    </ClCompile>
    <ClCompile Include="RenderSystemGL\Source\GLSL\src\CmGLSLPreprocessor.cpp">
      <Filter>RenderSystemGL\GLSL</Filter>
    </ClCompile>
    <ClCompile Include="RenderSystemGL\Source\GLSL\src\CmGLSLProgram.cpp">
      <Filter>RenderSystemGL\GLSL</Filter>
    </ClCompile>
    <ClCompile Include="RenderSystemGL\Source\GLSL\src\CmGLSLProgramFactory.cpp">
      <Filter>RenderSystemGL\GLSL</Filter>
    </ClCompile>
    <ClCompile Include="RenderSystemGL\Source\CmGLATIFSInit.cpp">
      <Filter>RenderSystemGL\Source Files</Filter>
    </ClCompile>
    <ClCompile Include="RenderSystemGL\Source\CmGLContext.cpp">
      <Filter>RenderSystemGL\Source Files</Filter>
    </ClCompile>
    <ClCompile Include="RenderSystemGL\Source\CmGLDefaultHardwareBufferManager.cpp">
      <Filter>RenderSystemGL\Source Files</Filter>
    </ClCompile>
    <ClCompile Include="RenderSystemGL\Source\CmGLFBOMultiRenderTarget.cpp">
      <Filter>RenderSystemGL\Source Files</Filter>
    </ClCompile>
    <ClCompile Include="RenderSystemGL\Source\CmGLFBORenderTexture.cpp">
      <Filter>RenderSystemGL\Source Files</Filter>
    </ClCompile>
    <ClCompile Include="RenderSystemGL\Source\CmGLFrameBufferObject.cpp">
      <Filter>RenderSystemGL\Source Files</Filter>
    </ClCompile>
    <ClCompile Include="RenderSystemGL\Source\CmGLGpuProgram.cpp">
      <Filter>RenderSystemGL\Source Files</Filter>
    </ClCompile>
    <ClCompile Include="RenderSystemGL\Source\CmGLGpuProgramManager.cpp">
      <Filter>RenderSystemGL\Source Files</Filter>
    </ClCompile>
    <ClCompile Include="RenderSystemGL\Source\CmGLHardwareBufferManager.cpp">
      <Filter>RenderSystemGL\Source Files</Filter>
    </ClCompile>
    <ClCompile Include="RenderSystemGL\Source\CmGLHardwareIndexBuffer.cpp">
      <Filter>RenderSystemGL\Source Files</Filter>
    </ClCompile>
    <ClCompile Include="RenderSystemGL\Source\CmGLHardwareOcclusionQuery.cpp">
      <Filter>RenderSystemGL\Source Files</Filter>
    </ClCompile>
    <ClCompile Include="RenderSystemGL\Source\CmGLHardwarePixelBuffer.cpp">
      <Filter>RenderSystemGL\Source Files</Filter>
    </ClCompile>
    <ClCompile Include="RenderSystemGL\Source\CmGLHardwareVertexBuffer.cpp">
      <Filter>RenderSystemGL\Source Files</Filter>
    </ClCompile>
    <ClCompile Include="RenderSystemGL\Source\CmGLPBRenderTexture.cpp">
      <Filter>RenderSystemGL\Source Files</Filter>
    </ClCompile>
    <ClCompile Include="RenderSystemGL\Source\CmGLPixelFormat.cpp">
      <Filter>RenderSystemGL\Source Files</Filter>
    </ClCompile>
    <ClCompile Include="RenderSystemGL\Source\CmGLRenderSystem.cpp">
      <Filter>RenderSystemGL\Source Files</Filter>
    </ClCompile>
    <ClCompile Include="RenderSystemGL\Source\CmGLRenderTexture.cpp">
      <Filter>RenderSystemGL\Source Files</Filter>
    </ClCompile>
    <ClCompile Include="RenderSystemGL\Source\CmGLSupport.cpp">
      <Filter>RenderSystemGL\Source Files</Filter>
    </ClCompile>
    <ClCompile Include="RenderSystemGL\Source\CmGLTexture.cpp">
      <Filter>RenderSystemGL\Source Files</Filter>
    </ClCompile>
    <ClCompile Include="RenderSystemGL\Source\CmGLTextureManager.cpp">
      <Filter>RenderSystemGL\Source Files</Filter>
    </ClCompile>
    <ClCompile Include="RenderSystemGL\Source\CmWin32GLSupport.cpp">
      <Filter>RenderSystemGL\Source Files</Filter>
    </ClCompile>
    <ClCompile Include="RenderSystemGL\Source\CmWin32RenderTexture.cpp">
      <Filter>RenderSystemGL\Source Files</Filter>
    </ClCompile>
    <ClCompile Include="RenderSystemGL\Source\CmWin32Window.cpp">
      <Filter>RenderSystemGL\Source Files</Filter>
    </ClCompile>
    <ClCompile Include="CmColourValue.cpp">
      <Filter>Source Files\Utility</Filter>
    </ClCompile>
    <ClCompile Include="CmPixelFormat.cpp">
      <Filter>Source Files\Utility</Filter>
    </ClCompile>
    <ClCompile Include="CmWindowEventUtilities.cpp">
      <Filter>Source Files\Utility</Filter>
    </ClCompile>
  </ItemGroup>
</Project>