<?xml version="1.0" encoding="utf-8"?>
<Project ToolsVersion="4.0" xmlns="http://schemas.microsoft.com/developer/msbuild/2003">
  <ItemGroup>
    <Filter Include="Source Files">
      <UniqueIdentifier>{4FC737F1-C7A5-4376-A066-2A32D752A2FF}</UniqueIdentifier>
      <Extensions>cpp;c;cc;cxx;def;odl;idl;hpj;bat;asm;asmx</Extensions>
    </Filter>
    <Filter Include="Header Files">
      <UniqueIdentifier>{93995380-89BD-4b04-88EB-625FBE52EBFB}</UniqueIdentifier>
      <Extensions>h;hpp;hxx;hm;inl;inc;xsd</Extensions>
    </Filter>
    <Filter Include="Resource Files">
      <UniqueIdentifier>{67DA6AB6-F800-4c08-8B7A-83BB121AAD01}</UniqueIdentifier>
      <Extensions>rc;ico;cur;bmp;dlg;rc2;rct;bin;rgs;gif;jpg;jpeg;jpe;resx;tiff;tif;png;wav;mfcribbon-ms</Extensions>
    </Filter>
  </ItemGroup>
  <ItemGroup>
    <ClInclude Include="Include\BsD3D11VideoModeInfo.h">
      <Filter>Header Files</Filter>
    </ClInclude>
    <ClInclude Include="Include\BsD3D11VertexBuffer.h">
      <Filter>Header Files</Filter>
    </ClInclude>
    <ClInclude Include="Include\BsD3D11TimerQuery.h">
      <Filter>Header Files</Filter>
    </ClInclude>
    <ClInclude Include="Include\BsD3D11TextureView.h">
      <Filter>Header Files</Filter>
    </ClInclude>
    <ClInclude Include="Include\BsD3D11TextureManager.h">
      <Filter>Header Files</Filter>
    </ClInclude>
    <ClInclude Include="Include\BsD3D11Texture.h">
      <Filter>Header Files</Filter>
    </ClInclude>
    <ClInclude Include="Include\BsD3D11SamplerState.h">
      <Filter>Header Files</Filter>
    </ClInclude>
    <ClInclude Include="Include\BsD3D11RenderWindowManager.h">
      <Filter>Header Files</Filter>
    </ClInclude>
    <ClInclude Include="Include\BsD3D11RenderWindow.h">
      <Filter>Header Files</Filter>
    </ClInclude>
    <ClInclude Include="Include\BsD3D11RenderUtility.h">
      <Filter>Header Files</Filter>
    </ClInclude>
    <ClInclude Include="Include\BsD3D11RenderTexture.h">
      <Filter>Header Files</Filter>
    </ClInclude>
    <ClInclude Include="Include\BsD3D11RenderStateManager.h">
      <Filter>Header Files</Filter>
    </ClInclude>
    <ClInclude Include="Include\BsD3D11RasterizerState.h">
      <Filter>Header Files</Filter>
    </ClInclude>
    <ClInclude Include="Include\BsD3D11QueryManager.h">
      <Filter>Header Files</Filter>
    </ClInclude>
    <ClInclude Include="Include\BsD3D11Prerequisites.h">
      <Filter>Header Files</Filter>
    </ClInclude>
    <ClInclude Include="Include\BsD3D11OcclusionQuery.h">
      <Filter>Header Files</Filter>
    </ClInclude>
    <ClInclude Include="Include\BsD3D11MultiRenderTexture.h">
      <Filter>Header Files</Filter>
    </ClInclude>
    <ClInclude Include="Include\BsD3D11Mappings.h">
      <Filter>Header Files</Filter>
    </ClInclude>
    <ClInclude Include="Include\BsD3D11InputLayoutManager.h">
      <Filter>Header Files</Filter>
    </ClInclude>
    <ClInclude Include="Include\BsD3D11IndexBuffer.h">
      <Filter>Header Files</Filter>
    </ClInclude>
    <ClInclude Include="Include\BsD3D11HLSLProgramFactory.h">
      <Filter>Header Files</Filter>
    </ClInclude>
    <ClInclude Include="Include\BsD3D11HLSLParamParser.h">
      <Filter>Header Files</Filter>
    </ClInclude>
    <ClInclude Include="Include\BsD3D11HardwareBufferManager.h">
      <Filter>Header Files</Filter>
    </ClInclude>
    <ClInclude Include="Include\BsD3D11HardwareBuffer.h">
      <Filter>Header Files</Filter>
    </ClInclude>
    <ClInclude Include="Include\BsD3D11GpuProgram.h">
      <Filter>Header Files</Filter>
    </ClInclude>
    <ClInclude Include="Include\BsD3D11GpuParamBlockBuffer.h">
      <Filter>Header Files</Filter>
    </ClInclude>
    <ClInclude Include="Include\BsD3D11GpuBufferView.h">
      <Filter>Header Files</Filter>
    </ClInclude>
    <ClInclude Include="Include\BsD3D11GpuBuffer.h">
      <Filter>Header Files</Filter>
    </ClInclude>
    <ClInclude Include="Include\BsD3D11EventQuery.h">
      <Filter>Header Files</Filter>
    </ClInclude>
    <ClInclude Include="Include\BsD3D11DriverList.h">
      <Filter>Header Files</Filter>
    </ClInclude>
    <ClInclude Include="Include\BsD3D11Driver.h">
      <Filter>Header Files</Filter>
    </ClInclude>
    <ClInclude Include="Include\BsD3D11Device.h">
      <Filter>Header Files</Filter>
    </ClInclude>
    <ClInclude Include="Include\BsD3D11DepthStencilState.h">
      <Filter>Header Files</Filter>
    </ClInclude>
    <ClInclude Include="Include\BsD3D11BlendState.h">
      <Filter>Header Files</Filter>
    </ClInclude>
    <ClInclude Include="Include\BsD3D11RenderAPI.h">
      <Filter>Header Files</Filter>
    </ClInclude>
    <ClInclude Include="Include\BsD3D11RenderAPIFactory.h">
      <Filter>Header Files</Filter>
    </ClInclude>
  </ItemGroup>
  <ItemGroup>
    <ClCompile Include="Source\BsD3D11VideoModeInfo.cpp">
      <Filter>Source Files</Filter>
    </ClCompile>
    <ClCompile Include="Source\BsD3D11VertexBuffer.cpp">
      <Filter>Source Files</Filter>
    </ClCompile>
    <ClCompile Include="Source\BsD3D11TimerQuery.cpp">
      <Filter>Source Files</Filter>
    </ClCompile>
    <ClCompile Include="Source\BsD3D11TextureView.cpp">
      <Filter>Source Files</Filter>
    </ClCompile>
    <ClCompile Include="Source\BsD3D11TextureManager.cpp">
      <Filter>Source Files</Filter>
    </ClCompile>
    <ClCompile Include="Source\BsD3D11Texture.cpp">
      <Filter>Source Files</Filter>
    </ClCompile>
    <ClCompile Include="Source\BsD3D11SamplerState.cpp">
      <Filter>Source Files</Filter>
    </ClCompile>
    <ClCompile Include="Source\BsD3D11RenderWindowManager.cpp">
      <Filter>Source Files</Filter>
    </ClCompile>
    <ClCompile Include="Source\BsD3D11RenderWindow.cpp">
      <Filter>Source Files</Filter>
    </ClCompile>
    <ClCompile Include="Source\BsD3D11RenderUtility.cpp">
      <Filter>Source Files</Filter>
    </ClCompile>
    <ClCompile Include="Source\BsD3D11RenderTexture.cpp">
      <Filter>Source Files</Filter>
    </ClCompile>
    <ClCompile Include="Source\BsD3D11RenderStateManager.cpp">
      <Filter>Source Files</Filter>
    </ClCompile>
    <ClCompile Include="Source\BsD3D11RasterizerState.cpp">
      <Filter>Source Files</Filter>
    </ClCompile>
    <ClCompile Include="Source\BsD3D11QueryManager.cpp">
      <Filter>Source Files</Filter>
    </ClCompile>
    <ClCompile Include="Source\BsD3D11Plugin.cpp">
      <Filter>Source Files</Filter>
    </ClCompile>
    <ClCompile Include="Source\BsD3D11OcclusionQuery.cpp">
      <Filter>Source Files</Filter>
    </ClCompile>
    <ClCompile Include="Source\BsD3D11MultiRenderTexture.cpp">
      <Filter>Source Files</Filter>
    </ClCompile>
    <ClCompile Include="Source\BsD3D11Mappings.cpp">
      <Filter>Source Files</Filter>
    </ClCompile>
    <ClCompile Include="Source\BsD3D11InputLayoutManager.cpp">
      <Filter>Source Files</Filter>
    </ClCompile>
    <ClCompile Include="Source\BsD3D11IndexBuffer.cpp">
      <Filter>Source Files</Filter>
    </ClCompile>
    <ClCompile Include="Source\BsD3D11HLSLProgramFactory.cpp">
      <Filter>Source Files</Filter>
    </ClCompile>
    <ClCompile Include="Source\BsD3D11HLSLParamParser.cpp">
      <Filter>Source Files</Filter>
    </ClCompile>
    <ClCompile Include="Source\BsD3D11HardwareBufferManager.cpp">
      <Filter>Source Files</Filter>
    </ClCompile>
    <ClCompile Include="Source\BsD3D11HardwareBuffer.cpp">
      <Filter>Source Files</Filter>
    </ClCompile>
    <ClCompile Include="Source\BsD3D11GpuProgram.cpp">
      <Filter>Source Files</Filter>
    </ClCompile>
    <ClCompile Include="Source\BsD3D11GpuParamBlockBuffer.cpp">
      <Filter>Source Files</Filter>
    </ClCompile>
    <ClCompile Include="Source\BsD3D11GpuBufferView.cpp">
      <Filter>Source Files</Filter>
    </ClCompile>
    <ClCompile Include="Source\BsD3D11GpuBuffer.cpp">
      <Filter>Source Files</Filter>
    </ClCompile>
    <ClCompile Include="Source\BsD3D11EventQuery.cpp">
      <Filter>Source Files</Filter>
    </ClCompile>
    <ClCompile Include="Source\BsD3D11DriverList.cpp">
      <Filter>Source Files</Filter>
    </ClCompile>
    <ClCompile Include="Source\BsD3D11Driver.cpp">
      <Filter>Source Files</Filter>
    </ClCompile>
    <ClCompile Include="Source\BsD3D11Device.cpp">
      <Filter>Source Files</Filter>
    </ClCompile>
    <ClCompile Include="Source\BsD3D11DepthStencilState.cpp">
      <Filter>Source Files</Filter>
    </ClCompile>
    <ClCompile Include="Source\BsD3D11BlendState.cpp">
      <Filter>Source Files</Filter>
    </ClCompile>
    <ClCompile Include="Source\BsD3D11RenderAPI.cpp">
      <Filter>Source Files</Filter>
    </ClCompile>
    <ClCompile Include="Source\BsD3D11RenderAPIFactory.cpp">
      <Filter>Source Files</Filter>
    </ClCompile>
  </ItemGroup>
</Project>