<?xml version="1.0" encoding="utf-8"?>
<Project ToolsVersion="4.0" xmlns="http://schemas.microsoft.com/developer/msbuild/2003">
  <ItemGroup>
    <Filter Include="Source Files">
      <UniqueIdentifier>{4FC737F1-C7A5-4376-A066-2A32D752A2FF}</UniqueIdentifier>
      <Extensions>cpp;c;cc;cxx;def;odl;idl;hpj;bat;asm;asmx</Extensions>
    </Filter>
    <Filter Include="Header Files">
      <UniqueIdentifier>{93995380-89BD-4b04-88EB-625FBE52EBFB}</UniqueIdentifier>
      <Extensions>h;hpp;hxx;hm;inl;inc;xsd</Extensions>
    </Filter>
    <Filter Include="Resource Files">
      <UniqueIdentifier>{67DA6AB6-F800-4c08-8B7A-83BB121AAD01}</UniqueIdentifier>
      <Extensions>rc;ico;cur;bmp;dlg;rc2;rct;bin;rgs;gif;jpg;jpeg;jpe;resx;tiff;tif;png;wav;mfcribbon-ms</Extensions>
    </Filter>
    <Filter Include="Header Files\RTTI">
      <UniqueIdentifier>{f65cdae4-61c9-4f4f-a4af-9fc39a49704d}</UniqueIdentifier>
    </Filter>
    <Filter Include="Header Files\GLSL">
      <UniqueIdentifier>{4a04e68e-bddd-41da-a32c-b50d628cd689}</UniqueIdentifier>
    </Filter>
    <Filter Include="Header Files\Win32">
      <UniqueIdentifier>{e5ed7756-6562-4fda-b111-fbc35d54fb7c}</UniqueIdentifier>
    </Filter>
    <Filter Include="Source Files\Win32">
      <UniqueIdentifier>{ba3de2cb-a789-41d9-918b-ecffa74967c3}</UniqueIdentifier>
    </Filter>
    <Filter Include="Source Files\GLSL">
      <UniqueIdentifier>{5a08232d-f612-44f5-b9f5-3bad262a935c}</UniqueIdentifier>
    </Filter>
  </ItemGroup>
  <ItemGroup>
    <ClInclude Include="Include\BsGLVertexArrayObjectManager.h">
      <Filter>Header Files</Filter>
    </ClInclude>
    <ClInclude Include="Include\BsGLVertexBuffer.h">
      <Filter>Header Files</Filter>
    </ClInclude>
    <ClInclude Include="Include\BsGLTimerQuery.h">
      <Filter>Header Files</Filter>
    </ClInclude>
    <ClInclude Include="Include\BsGLTextureManager.h">
      <Filter>Header Files</Filter>
    </ClInclude>
    <ClInclude Include="Include\BsGLTexture.h">
      <Filter>Header Files</Filter>
    </ClInclude>
    <ClInclude Include="Include\BsGLSupport.h">
      <Filter>Header Files</Filter>
    </ClInclude>
    <ClInclude Include="Include\BsGLRenderWindowManager.h">
      <Filter>Header Files</Filter>
    </ClInclude>
    <ClInclude Include="Include\BsGLRenderTexture.h">
      <Filter>Header Files</Filter>
    </ClInclude>
    <ClInclude Include="Include\BsGLRenderSystemFactory.h">
      <Filter>Header Files</Filter>
    </ClInclude>
    <ClInclude Include="Include\BsGLRenderSystem.h">
      <Filter>Header Files</Filter>
    </ClInclude>
    <ClInclude Include="Include\BsGLQueryManager.h">
      <Filter>Header Files</Filter>
    </ClInclude>
    <ClInclude Include="Include\BsGLPrerequisites.h">
      <Filter>Header Files</Filter>
    </ClInclude>
    <ClInclude Include="Include\BsGLPixelFormat.h">
      <Filter>Header Files</Filter>
    </ClInclude>
    <ClInclude Include="Include\BsGLPixelBuffer.h">
      <Filter>Header Files</Filter>
    </ClInclude>
    <ClInclude Include="Include\BsGLOcclusionQuery.h">
      <Filter>Header Files</Filter>
    </ClInclude>
    <ClInclude Include="Include\BsGLMultiRenderTexture.h">
      <Filter>Header Files</Filter>
    </ClInclude>
    <ClInclude Include="Include\BsGLIndexBuffer.h">
      <Filter>Header Files</Filter>
    </ClInclude>
    <ClInclude Include="Include\BsGLHardwareBufferManager.h">
      <Filter>Header Files</Filter>
    </ClInclude>
    <ClInclude Include="Include\BsGLGpuParamBlockBuffer.h">
      <Filter>Header Files</Filter>
    </ClInclude>
    <ClInclude Include="Include\BsGLGpuBuffer.h">
      <Filter>Header Files</Filter>
    </ClInclude>
    <ClInclude Include="Include\BsGLFrameBufferObject.h">
      <Filter>Header Files</Filter>
    </ClInclude>
    <ClInclude Include="Include\BsGLEventQuery.h">
      <Filter>Header Files</Filter>
    </ClInclude>
    <ClInclude Include="Include\BsGLContext.h">
      <Filter>Header Files</Filter>
    </ClInclude>
    <ClInclude Include="Include\BsWin32Window.h">
      <Filter>Header Files\Win32</Filter>
    </ClInclude>
    <ClInclude Include="Include\BsWin32VideoModeInfo.h">
      <Filter>Header Files\Win32</Filter>
    </ClInclude>
    <ClInclude Include="Include\BsWin32Prerequisites.h">
      <Filter>Header Files\Win32</Filter>
    </ClInclude>
    <ClInclude Include="Include\BsWin32GLSupport.h">
      <Filter>Header Files\Win32</Filter>
    </ClInclude>
    <ClInclude Include="Include\BsWin32Context.h">
      <Filter>Header Files\Win32</Filter>
    </ClInclude>
    <ClInclude Include="Source\win32\BsGLUtil.h">
      <Filter>Header Files\Win32</Filter>
    </ClInclude>
    <ClInclude Include="Include\BsGLSLGpuProgramRTTI.h">
      <Filter>Header Files\RTTI</Filter>
    </ClInclude>
    <ClInclude Include="Source\GLSL\include\BsGLSLProgramPipelineManager.h">
      <Filter>Header Files\GLSL</Filter>
    </ClInclude>
    <ClInclude Include="Source\GLSL\include\BsGLSLProgramFactory.h">
      <Filter>Header Files\GLSL</Filter>
    </ClInclude>
    <ClInclude Include="Source\GLSL\include\BsGLSLPreprocessor.h">
      <Filter>Header Files\GLSL</Filter>
    </ClInclude>
    <ClInclude Include="Source\GLSL\include\BsGLSLParamParser.h">
      <Filter>Header Files\GLSL</Filter>
    </ClInclude>
    <ClInclude Include="Source\GLSL\include\BsGLSLGpuProgram.h">
      <Filter>Header Files\GLSL</Filter>
    </ClInclude>
  </ItemGroup>
  <ItemGroup>
    <ClCompile Include="Source\glew.cpp">
      <Filter>Source Files</Filter>
    </ClCompile>
    <ClCompile Include="Source\BsGLVertexArrayObjectManager.cpp">
      <Filter>Source Files</Filter>
    </ClCompile>
    <ClCompile Include="Source\BsGLVertexBuffer.cpp">
      <Filter>Source Files</Filter>
    </ClCompile>
    <ClCompile Include="Source\BsGLTimerQuery.cpp">
      <Filter>Source Files</Filter>
    </ClCompile>
    <ClCompile Include="Source\BsGLTextureManager.cpp">
      <Filter>Source Files</Filter>
    </ClCompile>
    <ClCompile Include="Source\BsGLTexture.cpp">
      <Filter>Source Files</Filter>
    </ClCompile>
    <ClCompile Include="Source\BsGLSupport.cpp">
      <Filter>Source Files</Filter>
    </ClCompile>
    <ClCompile Include="Source\BsGLRenderWindowManager.cpp">
      <Filter>Source Files</Filter>
    </ClCompile>
    <ClCompile Include="Source\BsGLRenderTexture.cpp">
      <Filter>Source Files</Filter>
    </ClCompile>
    <ClCompile Include="Source\BsGLRenderSystemFactory.cpp">
      <Filter>Source Files</Filter>
    </ClCompile>
    <ClCompile Include="Source\BsGLRenderSystem.cpp">
      <Filter>Source Files</Filter>
    </ClCompile>
    <ClCompile Include="Source\BsGLQueryManager.cpp">
      <Filter>Source Files</Filter>
    </ClCompile>
    <ClCompile Include="BsGLPlugin.cpp">
      <Filter>Source Files</Filter>
    </ClCompile>
    <ClCompile Include="Source\BsGLPixelFormat.cpp">
      <Filter>Source Files</Filter>
    </ClCompile>
    <ClCompile Include="Source\BsGLPixelBuffer.cpp">
      <Filter>Source Files</Filter>
    </ClCompile>
    <ClCompile Include="Source\BsGLOcclusionQuery.cpp">
      <Filter>Source Files</Filter>
    </ClCompile>
    <ClCompile Include="Source\BsGLMultiRenderTexture.cpp">
      <Filter>Source Files</Filter>
    </ClCompile>
    <ClCompile Include="Source\BsGLIndexBuffer.cpp">
      <Filter>Source Files</Filter>
    </ClCompile>
    <ClCompile Include="Source\BsGLHardwareBufferManager.cpp">
      <Filter>Source Files</Filter>
    </ClCompile>
    <ClCompile Include="Source\BsGLGpuParamBlockBuffer.cpp">
      <Filter>Source Files</Filter>
    </ClCompile>
    <ClCompile Include="Source\BsGLGpuBuffer.cpp">
      <Filter>Source Files</Filter>
    </ClCompile>
    <ClCompile Include="Source\BsGLFrameBufferObject.cpp">
      <Filter>Source Files</Filter>
    </ClCompile>
    <ClCompile Include="Source\BsGLEventQuery.cpp">
      <Filter>Source Files</Filter>
    </ClCompile>
    <ClCompile Include="Source\BsGLContext.cpp">
      <Filter>Source Files</Filter>
    </ClCompile>
    <ClCompile Include="Source\BsWin32Window.cpp">
      <Filter>Source Files\Win32</Filter>
    </ClCompile>
    <ClCompile Include="Source\BsWin32VideoModeInfo.cpp">
      <Filter>Source Files\Win32</Filter>
    </ClCompile>
    <ClCompile Include="Source\BsWin32GLSupport.cpp">
      <Filter>Source Files\Win32</Filter>
    </ClCompile>
    <ClCompile Include="Source\win32\BsWin32Context.cpp">
      <Filter>Source Files\Win32</Filter>
    </ClCompile>
    <ClCompile Include="Source\GLSL\src\BsGLSLProgramPipelineManager.cpp">
      <Filter>Source Files\GLSL</Filter>
    </ClCompile>
    <ClCompile Include="Source\GLSL\src\BsGLSLProgramFactory.cpp">
      <Filter>Source Files\GLSL</Filter>
    </ClCompile>
    <ClCompile Include="Source\GLSL\src\BsGLSLPreprocessor.cpp">
      <Filter>Source Files\GLSL</Filter>
    </ClCompile>
    <ClCompile Include="Source\GLSL\src\BsGLSLGpuProgram.cpp">
      <Filter>Source Files\GLSL</Filter>
    </ClCompile>
  </ItemGroup>
</Project>