<?xml version="1.0" encoding="utf-8"?>
<Project ToolsVersion="4.0" xmlns="http://schemas.microsoft.com/developer/msbuild/2003">
  <ItemGroup>
    <Filter Include="Source Files">
      <UniqueIdentifier>{4FC737F1-C7A5-4376-A066-2A32D752A2FF}</UniqueIdentifier>
      <Extensions>cpp;c;cc;cxx;def;odl;idl;hpj;bat;asm;asmx</Extensions>
    </Filter>
    <Filter Include="Header Files">
      <UniqueIdentifier>{93995380-89BD-4b04-88EB-625FBE52EBFB}</UniqueIdentifier>
      <Extensions>h;hpp;hxx;hm;inl;inc;xsd</Extensions>
    </Filter>
    <Filter Include="Header Files\Utility">
      <UniqueIdentifier>{2c09857e-4a4a-480f-8ebb-1661a9ce78dd}</UniqueIdentifier>
    </Filter>
    <Filter Include="Header Files\Importer">
      <UniqueIdentifier>{f1fb2bc5-43c6-476a-89e3-b7de86c5aebe}</UniqueIdentifier>
    </Filter>
    <Filter Include="Header Files\Resources">
      <UniqueIdentifier>{e091a28f-6a0f-44ab-a88f-83e3c970c2f3}</UniqueIdentifier>
    </Filter>
    <Filter Include="Source Files\Importer">
      <UniqueIdentifier>{7ac6e5cb-48f7-4a49-a793-fb2ccfabe895}</UniqueIdentifier>
    </Filter>
    <Filter Include="Source Files\Resources">
      <UniqueIdentifier>{6df1cc13-bf9e-45e7-90ae-337999c702cf}</UniqueIdentifier>
    </Filter>
    <Filter Include="Header Files\Scene">
      <UniqueIdentifier>{327fbccb-fd0d-4fb1-af08-5d00cd7d56a7}</UniqueIdentifier>
    </Filter>
    <Filter Include="Source Files\Scene">
      <UniqueIdentifier>{2211ce11-e426-4aad-a5e6-73727d44bb98}</UniqueIdentifier>
    </Filter>
    <Filter Include="Header Files\RTTI">
      <UniqueIdentifier>{75249db9-4f2e-43c3-8df4-37250c4b60a2}</UniqueIdentifier>
    </Filter>
    <Filter Include="Source Files\Input">
      <UniqueIdentifier>{7f8e94f3-6990-4723-965a-2b4f9346a7ee}</UniqueIdentifier>
    </Filter>
    <Filter Include="Header Files\Input">
      <UniqueIdentifier>{724588b9-04e2-4e9b-9467-b064ed44f05e}</UniqueIdentifier>
    </Filter>
    <Filter Include="Header Files\Material">
      <UniqueIdentifier>{299ec378-4e67-4818-92f6-ab5ffb9aa9ad}</UniqueIdentifier>
    </Filter>
    <Filter Include="Source Files\Material">
      <UniqueIdentifier>{96caf3fa-c267-4fb4-aaa8-83519666d079}</UniqueIdentifier>
    </Filter>
    <Filter Include="Header Files\Renderer">
      <UniqueIdentifier>{5303462d-20d9-4c00-86b8-162e3a430b07}</UniqueIdentifier>
    </Filter>
    <Filter Include="Source Files\Renderer">
      <UniqueIdentifier>{307618fb-e6a0-41ed-b274-fb1f5f4c6f74}</UniqueIdentifier>
    </Filter>
    <Filter Include="Source Files\RTTI">
      <UniqueIdentifier>{dc50e07b-6351-4bc2-8bfa-cc3fc1d26c39}</UniqueIdentifier>
    </Filter>
    <Filter Include="Header Files\Text">
      <UniqueIdentifier>{1daa1a6e-95c0-4e63-b339-4a884773fa64}</UniqueIdentifier>
    </Filter>
    <Filter Include="Source Files\Text">
      <UniqueIdentifier>{96b913ee-4ffb-4c60-9aa9-a51e0faf8060}</UniqueIdentifier>
    </Filter>
    <Filter Include="Header Files\Platform">
      <UniqueIdentifier>{d53f502a-b966-4162-a828-af2654f0408f}</UniqueIdentifier>
    </Filter>
    <Filter Include="Source Files\Platform">
      <UniqueIdentifier>{88dfbdf1-6999-424c-ac32-1ffe65b6c9f6}</UniqueIdentifier>
    </Filter>
    <Filter Include="Header Files\RenderAPI">
      <UniqueIdentifier>{3480589d-111c-44b8-b0f1-a178cd00f31e}</UniqueIdentifier>
    </Filter>
    <Filter Include="Source Files\RenderAPI">
      <UniqueIdentifier>{e0bdc5fc-afd1-46f9-9e3e-f85ca3e220b8}</UniqueIdentifier>
    </Filter>
    <Filter Include="Source Files\Utility">
      <UniqueIdentifier>{0d63b345-0a58-4df2-9d01-f4da53fc40c9}</UniqueIdentifier>
    </Filter>
    <Filter Include="Header Files\Localization">
      <UniqueIdentifier>{df01dcc2-a0b0-48a8-a6fd-59a556cb67f9}</UniqueIdentifier>
    </Filter>
    <Filter Include="Source Files\Localization">
      <UniqueIdentifier>{f8c05475-0bc9-44d9-9702-985ec016f0ba}</UniqueIdentifier>
    </Filter>
    <Filter Include="Header Files\Profiling">
      <UniqueIdentifier>{4ecc02bc-09b0-4d03-a3c0-0ebb7f154d3c}</UniqueIdentifier>
    </Filter>
    <Filter Include="Source Files\Profiling">
      <UniqueIdentifier>{66694132-958f-435a-808f-3c6eb325a322}</UniqueIdentifier>
    </Filter>
    <Filter Include="Source Files\CoreThread">
      <UniqueIdentifier>{402fe837-7d94-4343-a288-c8308fda8c18}</UniqueIdentifier>
    </Filter>
    <Filter Include="Header Files\CoreThread">
      <UniqueIdentifier>{62281c40-1fc0-47f6-bc61-ff28314d8e13}</UniqueIdentifier>
    </Filter>
    <Filter Include="Header Files\Physics">
      <UniqueIdentifier>{3a7a5aa1-38d4-4db1-af3a-0ece60598879}</UniqueIdentifier>
    </Filter>
    <Filter Include="Source Files\Physics">
      <UniqueIdentifier>{d8f2a51b-1e51-4594-a369-a496b0de73bf}</UniqueIdentifier>
    </Filter>
    <Filter Include="Header Files\Components">
      <UniqueIdentifier>{ce72f780-9587-40e7-a178-a79d85bcf952}</UniqueIdentifier>
    </Filter>
    <Filter Include="Source Files\Components">
      <UniqueIdentifier>{a0113695-a6e4-42af-9c38-f6140bc45cc7}</UniqueIdentifier>
    </Filter>
  </ItemGroup>
  <ItemGroup>
    <ClInclude Include="Include\BsCommonTypes.h">
      <Filter>Header Files\Utility</Filter>
    </ClInclude>
    <ClInclude Include="Include\BsCoreApplication.h">
      <Filter>Header Files</Filter>
    </ClInclude>
    <ClInclude Include="Include\BsTextData.h">
      <Filter>Header Files\Text</Filter>
    </ClInclude>
    <ClInclude Include="Include\BsFontManager.h">
      <Filter>Header Files\Text</Filter>
    </ClInclude>
    <ClInclude Include="Include\BsFontImportOptions.h">
      <Filter>Header Files\Text</Filter>
    </ClInclude>
    <ClInclude Include="Include\BsFontDesc.h">
      <Filter>Header Files\Text</Filter>
    </ClInclude>
    <ClInclude Include="Include\BsFont.h">
      <Filter>Header Files\Text</Filter>
    </ClInclude>
    <ClInclude Include="Include\BsComponent.h">
      <Filter>Header Files\Scene</Filter>
    </ClInclude>
    <ClInclude Include="Include\BsGameObject.h">
      <Filter>Header Files\Scene</Filter>
    </ClInclude>
    <ClInclude Include="Include\BsGameObjectHandle.h">
      <Filter>Header Files\Scene</Filter>
    </ClInclude>
    <ClInclude Include="Include\BsGameObjectManager.h">
      <Filter>Header Files\Scene</Filter>
    </ClInclude>
    <ClInclude Include="Include\BsSceneObject.h">
      <Filter>Header Files\Scene</Filter>
    </ClInclude>
    <ClInclude Include="Include\BsBlendStateRTTI.h">
      <Filter>Header Files\RTTI</Filter>
    </ClInclude>
    <ClInclude Include="Include\BsComponentRTTI.h">
      <Filter>Header Files\RTTI</Filter>
    </ClInclude>
    <ClInclude Include="Include\BsDepthStencilStateRTTI.h">
      <Filter>Header Files\RTTI</Filter>
    </ClInclude>
    <ClInclude Include="Include\BsFontImportOptionsRTTI.h">
      <Filter>Header Files\RTTI</Filter>
    </ClInclude>
    <ClInclude Include="Include\BsFontRTTI.h">
      <Filter>Header Files\RTTI</Filter>
    </ClInclude>
    <ClInclude Include="Include\BsGameObjectHandleRTTI.h">
      <Filter>Header Files\RTTI</Filter>
    </ClInclude>
    <ClInclude Include="Include\BsGameObjectRTTI.h">
      <Filter>Header Files\RTTI</Filter>
    </ClInclude>
    <ClInclude Include="Include\BsGpuProgramRTTI.h">
      <Filter>Header Files\RTTI</Filter>
    </ClInclude>
    <ClInclude Include="Include\BsGpuResourceDataRTTI.h">
      <Filter>Header Files\RTTI</Filter>
    </ClInclude>
    <ClInclude Include="Include\BsImportOptionsRTTI.h">
      <Filter>Header Files\RTTI</Filter>
    </ClInclude>
    <ClInclude Include="Include\BsMaterialRTTI.h">
      <Filter>Header Files\RTTI</Filter>
    </ClInclude>
    <ClInclude Include="Include\BsMeshBaseRTTI.h">
      <Filter>Header Files\RTTI</Filter>
    </ClInclude>
    <ClInclude Include="Include\BsMeshDataRTTI.h">
      <Filter>Header Files\RTTI</Filter>
    </ClInclude>
    <ClInclude Include="Include\BsPassRTTI.h">
      <Filter>Header Files\RTTI</Filter>
    </ClInclude>
    <ClInclude Include="Include\BsPixelDataRTTI.h">
      <Filter>Header Files\RTTI</Filter>
    </ClInclude>
    <ClInclude Include="Include\BsRasterizerStateRTTI.h">
      <Filter>Header Files\RTTI</Filter>
    </ClInclude>
    <ClInclude Include="Include\BsResourceHandleRTTI.h">
      <Filter>Header Files\RTTI</Filter>
    </ClInclude>
    <ClInclude Include="Include\BsResourceManifestRTTI.h">
      <Filter>Header Files\RTTI</Filter>
    </ClInclude>
    <ClInclude Include="Include\BsResourceRTTI.h">
      <Filter>Header Files\RTTI</Filter>
    </ClInclude>
    <ClInclude Include="Include\BsSamplerStateRTTI.h">
      <Filter>Header Files\RTTI</Filter>
    </ClInclude>
    <ClInclude Include="Include\BsSceneObjectRTTI.h">
      <Filter>Header Files\RTTI</Filter>
    </ClInclude>
    <ClInclude Include="Include\BsShaderRTTI.h">
      <Filter>Header Files\RTTI</Filter>
    </ClInclude>
    <ClInclude Include="Include\BsTechniqueRTTI.h">
      <Filter>Header Files\RTTI</Filter>
    </ClInclude>
    <ClInclude Include="Include\BsTextureRTTI.h">
      <Filter>Header Files\RTTI</Filter>
    </ClInclude>
    <ClInclude Include="Include\BsVertexDataDescRTTI.h">
      <Filter>Header Files\RTTI</Filter>
    </ClInclude>
    <ClInclude Include="Include\BsVertexDeclarationRTTI.h">
      <Filter>Header Files\RTTI</Filter>
    </ClInclude>
    <ClInclude Include="Include\BsVertexDataDesc.h">
      <Filter>Header Files\Resources</Filter>
    </ClInclude>
    <ClInclude Include="Include\BsTransientMesh.h">
      <Filter>Header Files\Resources</Filter>
    </ClInclude>
    <ClInclude Include="Include\BsTextureManager.h">
      <Filter>Header Files\Resources</Filter>
    </ClInclude>
    <ClInclude Include="Include\BsTexture.h">
      <Filter>Header Files\Resources</Filter>
    </ClInclude>
    <ClInclude Include="Include\BsResources.h">
      <Filter>Header Files\Resources</Filter>
    </ClInclude>
    <ClInclude Include="Include\BsResourceManifest.h">
      <Filter>Header Files\Resources</Filter>
    </ClInclude>
    <ClInclude Include="Include\BsResourceHandle.h">
      <Filter>Header Files\Resources</Filter>
    </ClInclude>
    <ClInclude Include="Include\BsResource.h">
      <Filter>Header Files\Resources</Filter>
    </ClInclude>
    <ClInclude Include="Include\BsPixelData.h">
      <Filter>Header Files\Resources</Filter>
    </ClInclude>
    <ClInclude Include="Include\BsMeshHeap.h">
      <Filter>Header Files\Resources</Filter>
    </ClInclude>
    <ClInclude Include="Include\BsMeshData.h">
      <Filter>Header Files\Resources</Filter>
    </ClInclude>
    <ClInclude Include="Include\BsMeshBase.h">
      <Filter>Header Files\Resources</Filter>
    </ClInclude>
    <ClInclude Include="Include\BsMesh.h">
      <Filter>Header Files\Resources</Filter>
    </ClInclude>
    <ClInclude Include="Include\BsGpuResourceData.h">
      <Filter>Header Files\Resources</Filter>
    </ClInclude>
    <ClInclude Include="Include\BsVideoModeInfo.h">
      <Filter>Header Files\RenderAPI</Filter>
    </ClInclude>
    <ClInclude Include="Include\BsVertexDeclaration.h">
      <Filter>Header Files\RenderAPI</Filter>
    </ClInclude>
    <ClInclude Include="Include\BsVertexData.h">
      <Filter>Header Files\RenderAPI</Filter>
    </ClInclude>
    <ClInclude Include="Include\BsVertexBuffer.h">
      <Filter>Header Files\RenderAPI</Filter>
    </ClInclude>
    <ClInclude Include="Include\BsTimerQuery.h">
      <Filter>Header Files\RenderAPI</Filter>
    </ClInclude>
    <ClInclude Include="Include\BsTextureView.h">
      <Filter>Header Files\RenderAPI</Filter>
    </ClInclude>
    <ClInclude Include="Include\BsSubMesh.h">
      <Filter>Header Files\RenderAPI</Filter>
    </ClInclude>
    <ClInclude Include="Include\BsSamplerState.h">
      <Filter>Header Files\RenderAPI</Filter>
    </ClInclude>
    <ClInclude Include="Include\BsRenderWindowManager.h">
      <Filter>Header Files\RenderAPI</Filter>
    </ClInclude>
    <ClInclude Include="Include\BsRenderWindow.h">
      <Filter>Header Files\RenderAPI</Filter>
    </ClInclude>
    <ClInclude Include="Include\BsRenderTexture.h">
      <Filter>Header Files\RenderAPI</Filter>
    </ClInclude>
    <ClInclude Include="Include\BsRenderTarget.h">
      <Filter>Header Files\RenderAPI</Filter>
    </ClInclude>
    <ClInclude Include="Include\BsRenderStateManager.h">
      <Filter>Header Files\RenderAPI</Filter>
    </ClInclude>
    <ClInclude Include="Include\BsRasterizerState.h">
      <Filter>Header Files\RenderAPI</Filter>
    </ClInclude>
    <ClInclude Include="Include\BsQueryManager.h">
      <Filter>Header Files\RenderAPI</Filter>
    </ClInclude>
    <ClInclude Include="Include\BsPixelBuffer.h">
      <Filter>Header Files\RenderAPI</Filter>
    </ClInclude>
    <ClInclude Include="Include\BsOcclusionQuery.h">
      <Filter>Header Files\RenderAPI</Filter>
    </ClInclude>
    <ClInclude Include="Include\BsMultiRenderTexture.h">
      <Filter>Header Files\RenderAPI</Filter>
    </ClInclude>
    <ClInclude Include="Include\BsMeshManager.h">
      <Filter>Header Files\RenderAPI</Filter>
    </ClInclude>
    <ClInclude Include="Include\BsIndexBuffer.h">
      <Filter>Header Files\RenderAPI</Filter>
    </ClInclude>
    <ClInclude Include="Include\BsHardwareBufferManager.h">
      <Filter>Header Files\RenderAPI</Filter>
    </ClInclude>
    <ClInclude Include="Include\BsHardwareBuffer.h">
      <Filter>Header Files\RenderAPI</Filter>
    </ClInclude>
    <ClInclude Include="Include\BsGpuProgramManager.h">
      <Filter>Header Files\RenderAPI</Filter>
    </ClInclude>
    <ClInclude Include="Include\BsGpuProgram.h">
      <Filter>Header Files\RenderAPI</Filter>
    </ClInclude>
    <ClInclude Include="Include\BsGpuParams.h">
      <Filter>Header Files\RenderAPI</Filter>
    </ClInclude>
    <ClInclude Include="Include\BsGpuParamDesc.h">
      <Filter>Header Files\RenderAPI</Filter>
    </ClInclude>
    <ClInclude Include="Include\BsGpuParamBlockBuffer.h">
      <Filter>Header Files\RenderAPI</Filter>
    </ClInclude>
    <ClInclude Include="Include\BsGpuParam.h">
      <Filter>Header Files\RenderAPI</Filter>
    </ClInclude>
    <ClInclude Include="Include\BsGpuBufferView.h">
      <Filter>Header Files\RenderAPI</Filter>
    </ClInclude>
    <ClInclude Include="Include\BsGpuBuffer.h">
      <Filter>Header Files\RenderAPI</Filter>
    </ClInclude>
    <ClInclude Include="Include\BsEventQuery.h">
      <Filter>Header Files\RenderAPI</Filter>
    </ClInclude>
    <ClInclude Include="Include\BsDrawOps.h">
      <Filter>Header Files\RenderAPI</Filter>
    </ClInclude>
    <ClInclude Include="Include\BsDepthStencilState.h">
      <Filter>Header Files\RenderAPI</Filter>
    </ClInclude>
    <ClInclude Include="Include\BsBlendState.h">
      <Filter>Header Files\RenderAPI</Filter>
    </ClInclude>
    <ClInclude Include="Include\BsRendererManager.h">
      <Filter>Header Files\Renderer</Filter>
    </ClInclude>
    <ClInclude Include="Include\BsRendererFactory.h">
      <Filter>Header Files\Renderer</Filter>
    </ClInclude>
    <ClInclude Include="Include\Win32\BsWin32FolderMonitor.h">
      <Filter>Header Files\Platform</Filter>
    </ClInclude>
    <ClInclude Include="Include\Win32\BsWin32DropTarget.h">
      <Filter>Header Files\Platform</Filter>
    </ClInclude>
    <ClInclude Include="Include\BsPlatform.h">
      <Filter>Header Files\Platform</Filter>
    </ClInclude>
    <ClInclude Include="Include\BsFolderMonitor.h">
      <Filter>Header Files\Platform</Filter>
    </ClInclude>
    <ClInclude Include="Include\BsTechnique.h">
      <Filter>Header Files\Material</Filter>
    </ClInclude>
    <ClInclude Include="Include\BsShader.h">
      <Filter>Header Files\Material</Filter>
    </ClInclude>
    <ClInclude Include="Include\BsPass.h">
      <Filter>Header Files\Material</Filter>
    </ClInclude>
    <ClInclude Include="Include\BsMaterialManager.h">
      <Filter>Header Files\Material</Filter>
    </ClInclude>
    <ClInclude Include="Include\BsMaterial.h">
      <Filter>Header Files\Material</Filter>
    </ClInclude>
    <ClInclude Include="Include\BsRawInputHandler.h">
      <Filter>Header Files\Input</Filter>
    </ClInclude>
    <ClInclude Include="Include\BsOSInputHandler.h">
      <Filter>Header Files\Input</Filter>
    </ClInclude>
    <ClInclude Include="Include\BsInputFwd.h">
      <Filter>Header Files\Input</Filter>
    </ClInclude>
    <ClInclude Include="Include\BsInput.h">
      <Filter>Header Files\Input</Filter>
    </ClInclude>
    <ClInclude Include="Include\BsSpecificImporter.h">
      <Filter>Header Files\Importer</Filter>
    </ClInclude>
    <ClInclude Include="Include\BsImportOptions.h">
      <Filter>Header Files\Importer</Filter>
    </ClInclude>
    <ClInclude Include="Include\BsImporter.h">
      <Filter>Header Files\Importer</Filter>
    </ClInclude>
    <ClInclude Include="Include\BsCoreThreadAccessor.h">
      <Filter>Header Files\CoreThread</Filter>
    </ClInclude>
    <ClInclude Include="Include\BsCoreThread.h">
      <Filter>Header Files\CoreThread</Filter>
    </ClInclude>
    <ClInclude Include="Include\BsCoreObjectManager.h">
      <Filter>Header Files\CoreThread</Filter>
    </ClInclude>
    <ClInclude Include="Include\BsCoreObject.h">
      <Filter>Header Files\CoreThread</Filter>
    </ClInclude>
    <ClInclude Include="Include\BsCommandQueue.h">
      <Filter>Header Files\CoreThread</Filter>
    </ClInclude>
    <ClInclude Include="Include\BsCoreSceneManager.h">
      <Filter>Header Files\Scene</Filter>
    </ClInclude>
    <ClInclude Include="Include\BsCorePrerequisites.h">
      <Filter>Header Files</Filter>
    </ClInclude>
    <ClInclude Include="Include\BsTextureImportOptions.h">
      <Filter>Header Files\Importer</Filter>
    </ClInclude>
    <ClInclude Include="Include\BsTextureImportOptionsRTTI.h">
      <Filter>Header Files\RTTI</Filter>
    </ClInclude>
    <ClInclude Include="Include\BsResourceMetaData.h">
      <Filter>Header Files\Resources</Filter>
    </ClInclude>
    <ClInclude Include="Include\BsResourceMetaDataRTTI.h">
      <Filter>Header Files\RTTI</Filter>
    </ClInclude>
    <ClInclude Include="Include\BsViewportRTTI.h">
      <Filter>Header Files\RTTI</Filter>
    </ClInclude>
    <ClInclude Include="Include\BsMaterialParam.h">
      <Filter>Header Files\Material</Filter>
    </ClInclude>
    <ClInclude Include="Include\BsCoreObjectCore.h">
      <Filter>Header Files\CoreThread</Filter>
    </ClInclude>
    <ClInclude Include="Include\BsCoreRenderer.h">
      <Filter>Header Files\Renderer</Filter>
    </ClInclude>
    <ClInclude Include="Include\BsRenderAPI.h">
      <Filter>Header Files\RenderAPI</Filter>
    </ClInclude>
    <ClInclude Include="Include\BsRenderAPIManager.h">
      <Filter>Header Files\RenderAPI</Filter>
    </ClInclude>
    <ClInclude Include="Include\BsRenderAPIFactory.h">
      <Filter>Header Files\RenderAPI</Filter>
    </ClInclude>
    <ClInclude Include="Include\BsRenderAPICapabilities.h">
      <Filter>Header Files\RenderAPI</Filter>
    </ClInclude>
    <ClInclude Include="Include\BsUtility.h">
      <Filter>Header Files\Utility</Filter>
    </ClInclude>
    <ClInclude Include="Include\BsSavedResourceData.h">
      <Filter>Header Files\Resources</Filter>
    </ClInclude>
    <ClInclude Include="Include\BsSavedResourceDataRTTI.h">
      <Filter>Header Files\RTTI</Filter>
    </ClInclude>
    <ClInclude Include="Include\Win32\BsWin32Defs.h">
      <Filter>Header Files\Platform</Filter>
    </ClInclude>
    <ClInclude Include="Include\Win32\BSWin32PlatformData.h">
      <Filter>Header Files\Platform</Filter>
    </ClInclude>
    <ClInclude Include="Include\Win32\BsWin32Platform.h">
      <Filter>Header Files\Platform</Filter>
    </ClInclude>
    <ClInclude Include="Include\BsShaderIncludeImporter.h">
      <Filter>Header Files\Importer</Filter>
    </ClInclude>
    <ClInclude Include="Include\BsShaderInclude.h">
      <Filter>Header Files\Resources</Filter>
    </ClInclude>
    <ClInclude Include="Include\BsShaderIncludeRTTI.h">
      <Filter>Header Files\RTTI</Filter>
    </ClInclude>
    <ClInclude Include="Include\BsShaderManager.h">
      <Filter>Header Files\Material</Filter>
    </ClInclude>
    <ClInclude Include="Include\BsMeshImportOptions.h">
      <Filter>Header Files\Importer</Filter>
    </ClInclude>
    <ClInclude Include="Include\BsMeshImportOptionsRTTI.h">
      <Filter>Header Files\RTTI</Filter>
    </ClInclude>
    <ClInclude Include="Include\BsPrefab.h">
      <Filter>Header Files\Scene</Filter>
    </ClInclude>
    <ClInclude Include="Include\BsPrefabRTTI.h">
      <Filter>Header Files\RTTI</Filter>
    </ClInclude>
    <ClInclude Include="Include\BsPrefabDiff.h">
      <Filter>Header Files\Scene</Filter>
    </ClInclude>
    <ClInclude Include="Include\BsPrefabDiffRTTI.h">
      <Filter>Header Files\RTTI</Filter>
    </ClInclude>
    <ClInclude Include="Include\BsMeshUtility.h">
      <Filter>Header Files\Utility</Filter>
    </ClInclude>
    <ClInclude Include="Include\BsPrefabUtility.h">
      <Filter>Header Files\Scene</Filter>
    </ClInclude>
    <ClInclude Include="Include\BsRendererMeshData.h">
      <Filter>Header Files\Renderer</Filter>
    </ClInclude>
    <ClInclude Include="Include\BsHString.h">
      <Filter>Header Files\Localization</Filter>
    </ClInclude>
    <ClInclude Include="Include\BsStringTable.h">
      <Filter>Header Files\Localization</Filter>
    </ClInclude>
    <ClInclude Include="Include\BsStringTableManager.h">
      <Filter>Header Files\Localization</Filter>
    </ClInclude>
    <ClInclude Include="Include\BsStringTableRTTI.h">
      <Filter>Header Files\RTTI</Filter>
    </ClInclude>
    <ClInclude Include="Include\BsParamBlocks.h">
      <Filter>Header Files\Renderer</Filter>
    </ClInclude>
    <ClInclude Include="Include\BsProfilerCPU.h">
      <Filter>Header Files\Profiling</Filter>
    </ClInclude>
    <ClInclude Include="Include\BsProfilerGPU.h">
      <Filter>Header Files\Profiling</Filter>
    </ClInclude>
    <ClInclude Include="Include\BsProfilingManager.h">
      <Filter>Header Files\Profiling</Filter>
    </ClInclude>
    <ClInclude Include="Include\BsRenderStats.h">
      <Filter>Header Files\Profiling</Filter>
    </ClInclude>
    <ClInclude Include="Include\BsDeferredCallManager.h">
      <Filter>Header Files\Utility</Filter>
    </ClInclude>
    <ClInclude Include="Include\BsResourceListenerManager.h">
      <Filter>Header Files\Resources</Filter>
    </ClInclude>
    <ClInclude Include="Include\BsIconUtility.h">
      <Filter>Header Files\Utility</Filter>
    </ClInclude>
    <ClInclude Include="Include\BsIResourceListener.h">
      <Filter>Header Files\Resources</Filter>
    </ClInclude>
    <ClInclude Include="Include\BsUUID.h">
      <Filter>Header Files\Utility</Filter>
    </ClInclude>
    <ClInclude Include="Include\BsViewport.h">
      <Filter>Header Files\RenderAPI</Filter>
    </ClInclude>
    <ClInclude Include="Include\BsPixelUtil.h">
      <Filter>Header Files\Utility</Filter>
    </ClInclude>
    <ClInclude Include="Include\BsPixelVolume.h">
      <Filter>Header Files\Utility</Filter>
    </ClInclude>
    <ClInclude Include="Include\BsMaterialParams.h">
      <Filter>Header Files\Material</Filter>
    </ClInclude>
    <ClInclude Include="Include\BsMaterialParamsRTTI.h">
      <Filter>Header Files\RTTI</Filter>
    </ClInclude>
    <ClInclude Include="Include\BsMeshRTTI.h">
      <Filter>Header Files\RTTI</Filter>
    </ClInclude>
    <ClInclude Include="Include\BsPhysicsManager.h">
      <Filter>Header Files\Physics</Filter>
    </ClInclude>
    <ClInclude Include="Include\BsPhysics.h">
      <Filter>Header Files\Physics</Filter>
    </ClInclude>
    <ClInclude Include="Include\BsPhysicsMaterial.h">
      <Filter>Header Files\Physics</Filter>
    </ClInclude>
    <ClInclude Include="Include\BsPhysicsMaterialRTTI.h">
      <Filter>Header Files\RTTI</Filter>
    </ClInclude>
    <ClInclude Include="Include\BsCollider.h">
      <Filter>Header Files\Physics</Filter>
    </ClInclude>
    <ClInclude Include="Include\BsRigidbody.h">
      <Filter>Header Files\Physics</Filter>
    </ClInclude>
    <ClInclude Include="Include\BsCollision.h">
      <Filter>Header Files\Physics</Filter>
    </ClInclude>
    <ClInclude Include="Include\BsBoxCollider.h">
      <Filter>Header Files\Physics</Filter>
    </ClInclude>
    <ClInclude Include="Include\BsSphereCollider.h">
      <Filter>Header Files\Physics</Filter>
    </ClInclude>
    <ClInclude Include="Include\BsCapsuleCollider.h">
      <Filter>Header Files\Physics</Filter>
    </ClInclude>
    <ClInclude Include="Include\BsPlaneCollider.h">
      <Filter>Header Files\Physics</Filter>
    </ClInclude>
    <ClInclude Include="Include\BsFCollider.h">
      <Filter>Header Files\Physics</Filter>
    </ClInclude>
    <ClInclude Include="Include\BsCBoxCollider.h">
      <Filter>Header Files\Components</Filter>
    </ClInclude>
    <ClInclude Include="Include\BsCBoxColliderRTTI.h">
      <Filter>Header Files\RTTI</Filter>
    </ClInclude>
    <ClInclude Include="Include\BsCCollider.h">
      <Filter>Header Files\Components</Filter>
    </ClInclude>
    <ClInclude Include="Include\BsCRigidbody.h">
      <Filter>Header Files\Components</Filter>
    </ClInclude>
    <ClInclude Include="Include\BsCColliderRTTI.h">
      <Filter>Header Files\RTTI</Filter>
    </ClInclude>
    <ClInclude Include="Include\BsCRigidbodyRTTI.h">
      <Filter>Header Files\RTTI</Filter>
    </ClInclude>
    <ClInclude Include="Include\BsCSphereCollider.h">
      <Filter>Header Files\Components</Filter>
    </ClInclude>
    <ClInclude Include="Include\BsCCapsuleCollider.h">
      <Filter>Header Files\Components</Filter>
    </ClInclude>
    <ClInclude Include="Include\BsCPlaneCollider.h">
      <Filter>Header Files\Components</Filter>
    </ClInclude>
    <ClInclude Include="Include\BsCSphereColliderRTTI.h">
      <Filter>Header Files\RTTI</Filter>
    </ClInclude>
    <ClInclude Include="Include\BsCPlaneColliderRTTI.h">
      <Filter>Header Files\RTTI</Filter>
    </ClInclude>
    <ClInclude Include="Include\BsCCapsuleColliderRTTI.h">
      <Filter>Header Files\RTTI</Filter>
    </ClInclude>
  </ItemGroup>
  <ItemGroup>
    <ClCompile Include="Source\BsCoreApplication.cpp">
      <Filter>Source Files</Filter>
    </ClCompile>
    <ClCompile Include="Source\BsFont.cpp">
      <Filter>Source Files\Text</Filter>
    </ClCompile>
    <ClCompile Include="Source\BsFontImportOptions.cpp">
      <Filter>Source Files\Text</Filter>
    </ClCompile>
    <ClCompile Include="Source\BsFontManager.cpp">
      <Filter>Source Files\Text</Filter>
    </ClCompile>
    <ClCompile Include="Source\BsTextData.cpp">
      <Filter>Source Files\Text</Filter>
    </ClCompile>
    <ClCompile Include="Source\BsComponent.cpp">
      <Filter>Source Files\Scene</Filter>
    </ClCompile>
    <ClCompile Include="Source\BsGameObject.cpp">
      <Filter>Source Files\Scene</Filter>
    </ClCompile>
    <ClCompile Include="Source\BsGameObjectHandle.cpp">
      <Filter>Source Files\Scene</Filter>
    </ClCompile>
    <ClCompile Include="Source\BsGameObjectManager.cpp">
      <Filter>Source Files\Scene</Filter>
    </ClCompile>
    <ClCompile Include="Source\BsSceneObject.cpp">
      <Filter>Source Files\Scene</Filter>
    </ClCompile>
    <ClCompile Include="Source\BsMaterialRTTI.cpp">
      <Filter>Source Files\RTTI</Filter>
    </ClCompile>
    <ClCompile Include="Source\BsGpuResourceData.cpp">
      <Filter>Source Files\Resources</Filter>
    </ClCompile>
    <ClCompile Include="Source\BsMesh.cpp">
      <Filter>Source Files\Resources</Filter>
    </ClCompile>
    <ClCompile Include="Source\BsMeshBase.cpp">
      <Filter>Source Files\Resources</Filter>
    </ClCompile>
    <ClCompile Include="Source\BsMeshData.cpp">
      <Filter>Source Files\Resources</Filter>
    </ClCompile>
    <ClCompile Include="Source\BsMeshHeap.cpp">
      <Filter>Source Files\Resources</Filter>
    </ClCompile>
    <ClCompile Include="Source\BsPixelData.cpp">
      <Filter>Source Files\Resources</Filter>
    </ClCompile>
    <ClCompile Include="Source\BsResource.cpp">
      <Filter>Source Files\Resources</Filter>
    </ClCompile>
    <ClCompile Include="Source\BsResourceHandle.cpp">
      <Filter>Source Files\Resources</Filter>
    </ClCompile>
    <ClCompile Include="Source\BsResourceManifest.cpp">
      <Filter>Source Files\Resources</Filter>
    </ClCompile>
    <ClCompile Include="Source\BsResources.cpp">
      <Filter>Source Files\Resources</Filter>
    </ClCompile>
    <ClCompile Include="Source\BsTexture.cpp">
      <Filter>Source Files\Resources</Filter>
    </ClCompile>
    <ClCompile Include="Source\BsTextureManager.cpp">
      <Filter>Source Files\Resources</Filter>
    </ClCompile>
    <ClCompile Include="Source\BsTransientMesh.cpp">
      <Filter>Source Files\Resources</Filter>
    </ClCompile>
    <ClCompile Include="Source\BsVertexDataDesc.cpp">
      <Filter>Source Files\Resources</Filter>
    </ClCompile>
    <ClCompile Include="Source\BsBlendState.cpp">
      <Filter>Source Files\RenderAPI</Filter>
    </ClCompile>
    <ClCompile Include="Source\BsDepthStencilState.cpp">
      <Filter>Source Files\RenderAPI</Filter>
    </ClCompile>
    <ClCompile Include="Source\BsEventQuery.cpp">
      <Filter>Source Files\RenderAPI</Filter>
    </ClCompile>
    <ClCompile Include="Source\BsGpuBuffer.cpp">
      <Filter>Source Files\RenderAPI</Filter>
    </ClCompile>
    <ClCompile Include="Source\BsGpuBufferView.cpp">
      <Filter>Source Files\RenderAPI</Filter>
    </ClCompile>
    <ClCompile Include="Source\BsGpuParam.cpp">
      <Filter>Source Files\RenderAPI</Filter>
    </ClCompile>
    <ClCompile Include="Source\BsGpuParamBlockBuffer.cpp">
      <Filter>Source Files\RenderAPI</Filter>
    </ClCompile>
    <ClCompile Include="Source\BsGpuParams.cpp">
      <Filter>Source Files\RenderAPI</Filter>
    </ClCompile>
    <ClCompile Include="Source\BsGpuProgram.cpp">
      <Filter>Source Files\RenderAPI</Filter>
    </ClCompile>
    <ClCompile Include="Source\BsGpuProgramManager.cpp">
      <Filter>Source Files\RenderAPI</Filter>
    </ClCompile>
    <ClCompile Include="Source\BsHardwareBufferManager.cpp">
      <Filter>Source Files\RenderAPI</Filter>
    </ClCompile>
    <ClCompile Include="Source\BsIndexBuffer.cpp">
      <Filter>Source Files\RenderAPI</Filter>
    </ClCompile>
    <ClCompile Include="Source\BsMeshManager.cpp">
      <Filter>Source Files\RenderAPI</Filter>
    </ClCompile>
    <ClCompile Include="Source\BsMultiRenderTexture.cpp">
      <Filter>Source Files\RenderAPI</Filter>
    </ClCompile>
    <ClCompile Include="Source\BsOcclusionQuery.cpp">
      <Filter>Source Files\RenderAPI</Filter>
    </ClCompile>
    <ClCompile Include="Source\BsPixelBuffer.cpp">
      <Filter>Source Files\RenderAPI</Filter>
    </ClCompile>
    <ClCompile Include="Source\BsQueryManager.cpp">
      <Filter>Source Files\RenderAPI</Filter>
    </ClCompile>
    <ClCompile Include="Source\BsRasterizerState.cpp">
      <Filter>Source Files\RenderAPI</Filter>
    </ClCompile>
    <ClCompile Include="Source\BsRenderStateManager.cpp">
      <Filter>Source Files\RenderAPI</Filter>
    </ClCompile>
    <ClCompile Include="Source\BsRenderTarget.cpp">
      <Filter>Source Files\RenderAPI</Filter>
    </ClCompile>
    <ClCompile Include="Source\BsRenderTexture.cpp">
      <Filter>Source Files\RenderAPI</Filter>
    </ClCompile>
    <ClCompile Include="Source\BsRenderWindow.cpp">
      <Filter>Source Files\RenderAPI</Filter>
    </ClCompile>
    <ClCompile Include="Source\BsRenderWindowManager.cpp">
      <Filter>Source Files\RenderAPI</Filter>
    </ClCompile>
    <ClCompile Include="Source\BsSamplerState.cpp">
      <Filter>Source Files\RenderAPI</Filter>
    </ClCompile>
    <ClCompile Include="Source\BsTextureView.cpp">
      <Filter>Source Files\RenderAPI</Filter>
    </ClCompile>
    <ClCompile Include="Source\BsTimerQuery.cpp">
      <Filter>Source Files\RenderAPI</Filter>
    </ClCompile>
    <ClCompile Include="Source\BsVertexBuffer.cpp">
      <Filter>Source Files\RenderAPI</Filter>
    </ClCompile>
    <ClCompile Include="Source\BsVertexData.cpp">
      <Filter>Source Files\RenderAPI</Filter>
    </ClCompile>
    <ClCompile Include="Source\BsVertexDeclaration.cpp">
      <Filter>Source Files\RenderAPI</Filter>
    </ClCompile>
    <ClCompile Include="Source\BsVideoModeInfo.cpp">
      <Filter>Source Files\RenderAPI</Filter>
    </ClCompile>
    <ClCompile Include="Source\BsRendererManager.cpp">
      <Filter>Source Files\Renderer</Filter>
    </ClCompile>
    <ClCompile Include="Source\Win32\BsWin32FolderMonitor.cpp">
      <Filter>Source Files\Platform</Filter>
    </ClCompile>
    <ClCompile Include="Source\BsMaterial.cpp">
      <Filter>Source Files\Material</Filter>
    </ClCompile>
    <ClCompile Include="Source\BsMaterialManager.cpp">
      <Filter>Source Files\Material</Filter>
    </ClCompile>
    <ClCompile Include="Source\BsPass.cpp">
      <Filter>Source Files\Material</Filter>
    </ClCompile>
    <ClCompile Include="Source\BsShader.cpp">
      <Filter>Source Files\Material</Filter>
    </ClCompile>
    <ClCompile Include="Source\BsTechnique.cpp">
      <Filter>Source Files\Material</Filter>
    </ClCompile>
    <ClCompile Include="Source\BsInput.cpp">
      <Filter>Source Files\Input</Filter>
    </ClCompile>
    <ClCompile Include="Source\BsOSInputHandler.cpp">
      <Filter>Source Files\Input</Filter>
    </ClCompile>
    <ClCompile Include="Source\BsImporter.cpp">
      <Filter>Source Files\Importer</Filter>
    </ClCompile>
    <ClCompile Include="Source\BsImportOptions.cpp">
      <Filter>Source Files\Importer</Filter>
    </ClCompile>
    <ClCompile Include="Source\BsSpecificImporter.cpp">
      <Filter>Source Files\Importer</Filter>
    </ClCompile>
    <ClCompile Include="Source\BsCommandQueue.cpp">
      <Filter>Source Files\CoreThread</Filter>
    </ClCompile>
    <ClCompile Include="Source\BsCoreObject.cpp">
      <Filter>Source Files\CoreThread</Filter>
    </ClCompile>
    <ClCompile Include="Source\BsCoreObjectManager.cpp">
      <Filter>Source Files\CoreThread</Filter>
    </ClCompile>
    <ClCompile Include="Source\BsCoreThread.cpp">
      <Filter>Source Files\CoreThread</Filter>
    </ClCompile>
    <ClCompile Include="Source\BsCoreThreadAccessor.cpp">
      <Filter>Source Files\CoreThread</Filter>
    </ClCompile>
    <ClCompile Include="Source\BsCoreSceneManager.cpp">
      <Filter>Source Files\Scene</Filter>
    </ClCompile>
    <ClCompile Include="Source\BsTextureImportOptions.cpp">
      <Filter>Source Files\Importer</Filter>
    </ClCompile>
    <ClCompile Include="Source\BsResourceMetaData.cpp">
      <Filter>Source Files\Resources</Filter>
    </ClCompile>
    <ClCompile Include="Source\BsMaterialParam.cpp">
      <Filter>Source Files\Material</Filter>
    </ClCompile>
    <ClCompile Include="Source\BsCoreObjectCore.cpp">
      <Filter>Source Files\CoreThread</Filter>
    </ClCompile>
    <ClCompile Include="Source\BsCoreRenderer.cpp">
      <Filter>Source Files\Renderer</Filter>
    </ClCompile>
    <ClCompile Include="Source\BsRenderAPI.cpp">
      <Filter>Source Files\RenderAPI</Filter>
    </ClCompile>
    <ClCompile Include="Source\BsRenderAPIManager.cpp">
      <Filter>Source Files\RenderAPI</Filter>
    </ClCompile>
    <ClCompile Include="Source\BsRenderAPICapabilities.cpp">
      <Filter>Source Files\RenderAPI</Filter>
    </ClCompile>
    <ClCompile Include="Source\BsUtility.cpp">
      <Filter>Source Files\Utility</Filter>
    </ClCompile>
    <ClCompile Include="Source\BsSavedResourceData.cpp">
      <Filter>Source Files\Resources</Filter>
    </ClCompile>
    <ClCompile Include="Source\BsPlatform.cpp">
      <Filter>Source Files\Platform</Filter>
    </ClCompile>
    <ClCompile Include="Source\Win32\BsWin32Platform.cpp">
      <Filter>Source Files\Platform</Filter>
    </ClCompile>
    <ClCompile Include="Source\BsShaderIncludeImporter.cpp">
      <Filter>Source Files\Importer</Filter>
    </ClCompile>
    <ClCompile Include="Source\BsShaderInclude.cpp">
      <Filter>Source Files\Resources</Filter>
    </ClCompile>
    <ClCompile Include="Source\BsShaderManager.cpp">
      <Filter>Source Files\Material</Filter>
    </ClCompile>
    <ClCompile Include="Source\BsMeshImportOptions.cpp">
      <Filter>Source Files\Importer</Filter>
    </ClCompile>
    <ClCompile Include="Source\BsPrefab.cpp">
      <Filter>Source Files\Scene</Filter>
    </ClCompile>
    <ClCompile Include="Source\BsPrefabDiff.cpp">
      <Filter>Source Files\Scene</Filter>
    </ClCompile>
    <ClCompile Include="Source\BsMeshUtility.cpp">
      <Filter>Source Files\Utility</Filter>
    </ClCompile>
    <ClCompile Include="Source\BsPrefabUtility.cpp">
      <Filter>Source Files\Scene</Filter>
    </ClCompile>
    <ClCompile Include="Source\BsRendererMeshData.cpp">
      <Filter>Source Files\Renderer</Filter>
    </ClCompile>
    <ClCompile Include="Source\BsHString.cpp">
      <Filter>Source Files\Localization</Filter>
    </ClCompile>
    <ClCompile Include="Source\BsStringTable.cpp">
      <Filter>Source Files\Localization</Filter>
    </ClCompile>
    <ClCompile Include="Source\BsStringTableManager.cpp">
      <Filter>Source Files\Localization</Filter>
    </ClCompile>
    <ClCompile Include="Source\BsProfilerCPU.cpp">
      <Filter>Source Files\Profiling</Filter>
    </ClCompile>
    <ClCompile Include="Source\BsProfilerGPU.cpp">
      <Filter>Source Files\Profiling</Filter>
    </ClCompile>
    <ClCompile Include="Source\BsProfilingManager.cpp">
      <Filter>Source Files\Profiling</Filter>
    </ClCompile>
    <ClCompile Include="Source\BsDeferredCallManager.cpp">
      <Filter>Source Files\Utility</Filter>
    </ClCompile>
    <ClCompile Include="Source\BsResourceListenerManager.cpp">
      <Filter>Source Files\Resources</Filter>
    </ClCompile>
    <ClCompile Include="Source\BsDrawOps.cpp">
      <Filter>Source Files\Utility</Filter>
    </ClCompile>
    <ClCompile Include="Source\BsIconUtility.cpp">
      <Filter>Source Files\Utility</Filter>
    </ClCompile>
    <ClCompile Include="Source\BsUUID.cpp">
      <Filter>Source Files\Utility</Filter>
    </ClCompile>
    <ClCompile Include="Source\BsIResourceListener.cpp">
      <Filter>Source Files\Resources</Filter>
    </ClCompile>
    <ClCompile Include="Source\BsViewport.cpp">
      <Filter>Source Files\RenderAPI</Filter>
    </ClCompile>
    <ClCompile Include="Source\BsPixelUtil.cpp">
      <Filter>Source Files\Utility</Filter>
    </ClCompile>
    <ClCompile Include="Source\BsMaterialParams.cpp">
      <Filter>Source Files\Material</Filter>
    </ClCompile>
    <ClCompile Include="Source\Win32\BsWin32BrowseDialogs.cpp">
      <Filter>Source Files\Platform</Filter>
    </ClCompile>
    <ClCompile Include="Source\BsPhysicsManager.cpp">
      <Filter>Source Files\Physics</Filter>
    </ClCompile>
    <ClCompile Include="Source\BsPhysics.cpp">
      <Filter>Source Files\Physics</Filter>
    </ClCompile>
    <ClCompile Include="Source\BsPhysicsMaterial.cpp">
      <Filter>Source Files\Physics</Filter>
    </ClCompile>
    <ClCompile Include="Source\BsCollider.cpp">
      <Filter>Source Files\Physics</Filter>
    </ClCompile>
    <ClCompile Include="Source\BsRigidbody.cpp">
      <Filter>Source Files\Physics</Filter>
    </ClCompile>
    <ClCompile Include="Source\BsBoxCollider.cpp">
      <Filter>Source Files\Physics</Filter>
    </ClCompile>
    <ClCompile Include="Source\BsSphereCollider.cpp">
      <Filter>Source Files\Physics</Filter>
    </ClCompile>
    <ClCompile Include="Source\BsPlaneCollider.cpp">
      <Filter>Source Files\Physics</Filter>
    </ClCompile>
    <ClCompile Include="Source\BsCapsuleCollider.cpp">
      <Filter>Source Files\Physics</Filter>
    </ClCompile>
    <ClCompile Include="Source\BsFCollider.cpp">
      <Filter>Source Files\Physics</Filter>
    </ClCompile>
    <ClCompile Include="Source\BsCBoxCollider.cpp">
      <Filter>Source Files\Components</Filter>
    </ClCompile>
    <ClCompile Include="Source\BsCCollider.cpp">
      <Filter>Source Files\Components</Filter>
    </ClCompile>
    <ClCompile Include="Source\BsCRigidbody.cpp">
      <Filter>Source Files\Components</Filter>
    </ClCompile>
    <ClCompile Include="Source\BsCSphereCollider.cpp">
      <Filter>Source Files\Components</Filter>
    </ClCompile>
    <ClCompile Include="Source\BsCPlaneCollider.cpp">
      <Filter>Source Files\Components</Filter>
    </ClCompile>
    <ClCompile Include="Source\BsCCapsuleCollider.cpp">
      <Filter>Source Files\Components</Filter>
    </ClCompile>
  </ItemGroup>
</Project>